<?xml version="1.0" encoding="utf-8"?>
<Project ToolsVersion="16.0" xmlns="http://schemas.microsoft.com/developer/msbuild/2003">
  <ItemGroup>
    <ClCompile Include="D:\git\vozer\vozer_ninja\linphone-desktop\linphone-sdk\bctoolbox\src\containers\list.c">
      <Filter>Source Files</Filter>
    </ClCompile>
    <ClCompile Include="D:\git\vozer\vozer_ninja\linphone-desktop\linphone-sdk\bctoolbox\src\logging\logging.c">
      <Filter>Source Files</Filter>
    </ClCompile>
    <ClCompile Include="D:\git\vozer\vozer_ninja\linphone-desktop\linphone-sdk\bctoolbox\src\parser.c">
      <Filter>Source Files</Filter>
    </ClCompile>
    <ClCompile Include="D:\git\vozer\vozer_ninja\linphone-desktop\linphone-sdk\bctoolbox\src\utils\port.c">
      <Filter>Source Files</Filter>
    </ClCompile>
    <ClCompile Include="D:\git\vozer\vozer_ninja\linphone-desktop\linphone-sdk\bctoolbox\src\vconnect.c">
      <Filter>Source Files</Filter>
    </ClCompile>
    <ClCompile Include="D:\git\vozer\vozer_ninja\linphone-desktop\linphone-sdk\bctoolbox\src\vfs\vfs.c">
      <Filter>Source Files</Filter>
    </ClCompile>
    <ClCompile Include="D:\git\vozer\vozer_ninja\linphone-desktop\linphone-sdk\bctoolbox\src\vfs\vfs_standard.c">
      <Filter>Source Files</Filter>
    </ClCompile>
    <ClCompile Include="D:\git\vozer\vozer_ninja\linphone-desktop\linphone-sdk\bctoolbox\src\param_string.c">
      <Filter>Source Files</Filter>
    </ClCompile>
    <ClCompile Include="D:\git\vozer\vozer_ninja\linphone-desktop\linphone-sdk\bctoolbox\src\crypto\crypto.c">
      <Filter>Source Files</Filter>
    </ClCompile>
    <ClCompile Include="D:\git\vozer\vozer_ninja\linphone-desktop\linphone-sdk\bctoolbox\src\crypto\mbedtls.c">
      <Filter>Source Files</Filter>
    </ClCompile>
    <ClCompile Include="D:\git\vozer\vozer_ninja\linphone-desktop\linphone-sdk\bctoolbox\src\containers\map.cc">
      <Filter>Source Files</Filter>
    </ClCompile>
    <ClCompile Include="D:\git\vozer\vozer_ninja\linphone-desktop\linphone-sdk\bctoolbox\src\conversion\charconv_encoding.cc">
      <Filter>Source Files</Filter>
    </ClCompile>
    <ClCompile Include="D:\git\vozer\vozer_ninja\linphone-desktop\linphone-sdk\bctoolbox\src\utils\exception.cc">
      <Filter>Source Files</Filter>
    </ClCompile>
    <ClCompile Include="D:\git\vozer\vozer_ninja\linphone-desktop\linphone-sdk\bctoolbox\src\utils\regex.cc">
      <Filter>Source Files</Filter>
    </ClCompile>
    <ClCompile Include="D:\git\vozer\vozer_ninja\linphone-desktop\linphone-sdk\bctoolbox\src\utils\utils.cc">
      <Filter>Source Files</Filter>
    </ClCompile>
    <ClCompile Include="D:\git\vozer\vozer_ninja\linphone-desktop\linphone-sdk\bctoolbox\src\logging\log-tags.cc">
      <Filter>Source Files</Filter>
    </ClCompile>
    <ClCompile Include="D:\git\vozer\vozer_ninja\linphone-desktop\linphone-sdk\bctoolbox\src\utils\win_utils.cc">
      <Filter>Source Files</Filter>
    </ClCompile>
    <ClCompile Include="D:\git\vozer\vozer_ninja\linphone-desktop\linphone-sdk\bctoolbox\src\conversion\charconv_windows.cc">
      <Filter>Source Files</Filter>
    </ClCompile>
    <ClCompile Include="D:\git\vozer\vozer_ninja\linphone-desktop\linphone-sdk\bctoolbox\src\crypto\ecc.cc">
      <Filter>Source Files</Filter>
    </ClCompile>
    <ClCompile Include="D:\git\vozer\vozer_ninja\linphone-desktop\linphone-sdk\bctoolbox\src\crypto\mbedtls.cc">
      <Filter>Source Files</Filter>
    </ClCompile>
    <ClCompile Include="D:\git\vozer\vozer_ninja\linphone-desktop\linphone-sdk\bctoolbox\src\vfs\vfs_encrypted.cc">
      <Filter>Source Files</Filter>
    </ClCompile>
    <ClCompile Include="D:\git\vozer\vozer_ninja\linphone-desktop\linphone-sdk\bctoolbox\src\vfs\vfs_encryption_module_dummy.cc">
      <Filter>Source Files</Filter>
    </ClCompile>
    <ClCompile Include="D:\git\vozer\vozer_ninja\linphone-desktop\linphone-sdk\bctoolbox\src\vfs\vfs_encryption_module_aes256gcm_sha256.cc">
      <Filter>Source Files</Filter>
    </ClCompile>
  </ItemGroup>
  <ItemGroup>
    <ClInclude Include="D:\git\vozer\vozer_ninja\linphone-desktop\linphone-sdk\bctoolbox\include\bctoolbox\charconv.h">
      <Filter>Header Files</Filter>
    </ClInclude>
    <ClInclude Include="D:\git\vozer\vozer_ninja\linphone-desktop\linphone-sdk\bctoolbox\include\bctoolbox\compiler.h">
      <Filter>Header Files</Filter>
    </ClInclude>
    <ClInclude Include="D:\git\vozer\vozer_ninja\linphone-desktop\linphone-sdk\bctoolbox\include\bctoolbox\defs.h">
      <Filter>Header Files</Filter>
    </ClInclude>
    <ClInclude Include="D:\git\vozer\vozer_ninja\linphone-desktop\linphone-sdk\bctoolbox\include\bctoolbox\exception.hh">
      <Filter>Header Files</Filter>
    </ClInclude>
    <ClInclude Include="D:\git\vozer\vozer_ninja\linphone-desktop\linphone-sdk\bctoolbox\include\bctoolbox\utils.hh">
      <Filter>Header Files</Filter>
    </ClInclude>
    <ClInclude Include="D:\git\vozer\vozer_ninja\linphone-desktop\linphone-sdk\bctoolbox\include\bctoolbox\list.h">
      <Filter>Header Files</Filter>
    </ClInclude>
    <ClInclude Include="D:\git\vozer\vozer_ninja\linphone-desktop\linphone-sdk\bctoolbox\include\bctoolbox\logging.h">
      <Filter>Header Files</Filter>
    </ClInclude>
    <ClInclude Include="D:\git\vozer\vozer_ninja\linphone-desktop\linphone-sdk\bctoolbox\include\bctoolbox\map.h">
      <Filter>Header Files</Filter>
    </ClInclude>
    <ClInclude Include="D:\git\vozer\vozer_ninja\linphone-desktop\linphone-sdk\bctoolbox\include\bctoolbox\ownership.hh">
      <Filter>Header Files</Filter>
    </ClInclude>
    <ClInclude Include="D:\git\vozer\vozer_ninja\linphone-desktop\linphone-sdk\bctoolbox\include\bctoolbox\parser.h">
      <Filter>Header Files</Filter>
    </ClInclude>
    <ClInclude Include="D:\git\vozer\vozer_ninja\linphone-desktop\linphone-sdk\bctoolbox\include\bctoolbox\port.h">
      <Filter>Header Files</Filter>
    </ClInclude>
    <ClInclude Include="D:\git\vozer\vozer_ninja\linphone-desktop\linphone-sdk\bctoolbox\include\bctoolbox\regex.h">
      <Filter>Header Files</Filter>
    </ClInclude>
    <ClInclude Include="D:\git\vozer\vozer_ninja\linphone-desktop\linphone-sdk\bctoolbox\include\bctoolbox\vconnect.h">
      <Filter>Header Files</Filter>
    </ClInclude>
    <ClInclude Include="D:\git\vozer\vozer_ninja\linphone-desktop\linphone-sdk\bctoolbox\include\bctoolbox\vfs.h">
      <Filter>Header Files</Filter>
    </ClInclude>
    <ClInclude Include="D:\git\vozer\vozer_ninja\linphone-desktop\linphone-sdk\bctoolbox\include\bctoolbox\vfs_standard.h">
      <Filter>Header Files</Filter>
    </ClInclude>
    <ClInclude Include="D:\git\vozer\vozer_ninja\linphone-desktop\linphone-sdk\bctoolbox\include\bctoolbox\vfs_encrypted.hh">
      <Filter>Header Files</Filter>
    </ClInclude>
    <ClInclude Include="D:\git\vozer\vozer_ninja\linphone-desktop\linphone-sdk\bctoolbox\include\bctoolbox\param_string.h">
      <Filter>Header Files</Filter>
    </ClInclude>
    <ClInclude Include="D:\git\vozer\vozer_ninja\linphone-desktop\linphone-sdk\bctoolbox\include\bctoolbox\crypto.h">
      <Filter>Header Files</Filter>
    </ClInclude>
    <ClInclude Include="D:\git\vozer\vozer_ninja\linphone-desktop\linphone-sdk\bctoolbox\include\bctoolbox\crypto.hh">
      <Filter>Header Files</Filter>
    </ClInclude>
    <ClInclude Include="D:\git\vozer\vozer_ninja\linphone-desktop\linphone-sdk\bctoolbox\include\bctoolbox\tester.h">
      <Filter>Header Files</Filter>
    </ClInclude>
    <ClInclude Include="D:\git\vozer\vozer_ninja\linphone-desktop\linphone-sdk\bctoolbox\src\vfs\vfs_encryption_module.hh">
      <Filter>Header Files</Filter>
    </ClInclude>
    <ClInclude Include="D:\git\vozer\vozer_ninja\linphone-desktop\linphone-sdk\bctoolbox\src\vfs\vfs_encryption_module_dummy.hh">
      <Filter>Header Files</Filter>
    </ClInclude>
    <ClInclude Include="D:\git\vozer\vozer_ninja\linphone-desktop\linphone-sdk\bctoolbox\src\vfs\vfs_encryption_module_aes256gcm_sha256.hh">
      <Filter>Header Files</Filter>
    </ClInclude>
  </ItemGroup>
  <ItemGroup>
    <CustomBuild Include="D:\git\vozer\vozer_ninja\linphone-desktop\linphone-sdk\bctoolbox\src\CMakeLists.txt" />
  </ItemGroup>
  <ItemGroup>
    <Filter Include="Header Files">
      <UniqueIdentifier>{BF7F9243-A573-322E-B7BE-7F3BE5BD358B}</UniqueIdentifier>
    </Filter>
    <Filter Include="Source Files">
      <UniqueIdentifier>{D5A014FD-C7A9-31E0-8F9C-FD4CF18CF7E9}</UniqueIdentifier>
    </Filter>
  </ItemGroup>
</Project>
