
Microsoft Visual Studio Solution File, Format Version 12.00
# Visual Studio Version 16
Project("{2150E333-8FDC-42A3-9474-1A3956D46DE8}") = "CMakePredefinedTargets", "CMakePredefinedTargets", "{6F6831B0-E433-33FC-9D23-712A99860441}"
EndProject
Project("{8BC9CEB8-8B4A-11D0-8D11-00A0C91BC942}") = "ALL_BUILD", "ALL_BUILD.vcxproj", "{E8FF1EBA-85CD-34BE-AE85-4F2801638F9C}"
	ProjectSection(ProjectDependencies) = postProject
		{F070D8A1-EDFC-3AC1-B6E3-02D97BB8861D} = {F070D8A1-EDFC-3AC1-B6E3-02D97BB8861D}
		{83AE1095-9FDE-3A5F-B680-9FB9FEDD85DF} = {83AE1095-9FDE-3A5F-B680-9FB9FEDD85DF}
	EndProjectSection
EndProject
Project("{8BC9CEB8-8B4A-11D0-8D11-00A0C91BC942}") = "INSTALL", "INSTALL.vcxproj", "{39F01287-523C-3D01-8927-C92BC815967D}"
	ProjectSection(ProjectDependencies) = postProject
		{E8FF1EBA-85CD-34BE-AE85-4F2801638F9C} = {E8FF1EBA-85CD-34BE-AE85-4F2801638F9C}
		{F070D8A1-EDFC-3AC1-B6E3-02D97BB8861D} = {F070D8A1-EDFC-3AC1-B6E3-02D97BB8861D}
	EndProjectSection
EndProject
Project("{8BC9CEB8-8B4A-11D0-8D11-00A0C91BC942}") = "PACKAGE", "PACKAGE.vcxproj", "{451BB594-09EB-358E-B2E0-229A1C3CD587}"
	ProjectSection(ProjectDependencies) = postProject
		{E8FF1EBA-85CD-34BE-AE85-4F2801638F9C} = {E8FF1EBA-85CD-34BE-AE85-4F2801638F9C}
		{F070D8A1-EDFC-3AC1-B6E3-02D97BB8861D} = {F070D8A1-EDFC-3AC1-B6E3-02D97BB8861D}
	EndProjectSection
EndProject
Project("{8BC9CEB8-8B4A-11D0-8D11-00A0C91BC942}") = "ZERO_CHECK", "..\..\\ZERO_CHECK.vcxproj", "{F070D8A1-EDFC-3AC1-B6E3-02D97BB8861D}"
	ProjectSection(ProjectDependencies) = postProject
	EndProjectSection
EndProject
Project("{8BC9CEB8-8B4A-11D0-8D11-00A0C91BC942}") = "bctoolbox", "..\bctoolbox\src\bctoolbox.vcxproj", "{6B3DA815-5E7C-3D96-B13F-FB066008D48C}"
	ProjectSection(ProjectDependencies) = postProject
		{F070D8A1-EDFC-3AC1-B6E3-02D97BB8861D} = {F070D8A1-EDFC-3AC1-B6E3-02D97BB8861D}
		{920CA5E9-B14E-387A-A91C-941E62D336AF} = {920CA5E9-B14E-387A-A91C-941E62D336AF}
		{FB85BAC5-6A79-3947-B898-409228784062} = {FB85BAC5-6A79-3947-B898-409228784062}
		{3B999FFB-034D-371B-A224-569B34DFC2E1} = {3B999FFB-034D-371B-A224-569B34DFC2E1}
		{B4371D07-5722-3BFF-A852-75A9B4658E9D} = {B4371D07-5722-3BFF-A852-75A9B4658E9D}
	EndProjectSection
EndProject
Project("{8BC9CEB8-8B4A-11D0-8D11-00A0C91BC942}") = "belle-sip", "src\belle-sip.vcxproj", "{83AE1095-9FDE-3A5F-B680-9FB9FEDD85DF}"
	ProjectSection(ProjectDependencies) = postProject
		{F070D8A1-EDFC-3AC1-B6E3-02D97BB8861D} = {F070D8A1-EDFC-3AC1-B6E3-02D97BB8861D}
		{6B3DA815-5E7C-3D96-B13F-FB066008D48C} = {6B3DA815-5E7C-3D96-B13F-FB066008D48C}
		{52591401-4514-3684-B540-2F67B7731699} = {52591401-4514-3684-B540-2F67B7731699}
		{227FDFA7-039E-3A4F-BEA2-6E62CDA154F9} = {227FDFA7-039E-3A4F-BEA2-6E62CDA154F9}
	EndProjectSection
EndProject
Project("{8BC9CEB8-8B4A-11D0-8D11-00A0C91BC942}") = "belr", "..\belr\src\belr.vcxproj", "{52591401-4514-3684-B540-2F67B7731699}"
	ProjectSection(ProjectDependencies) = postProject
		{F070D8A1-EDFC-3AC1-B6E3-02D97BB8861D} = {F070D8A1-EDFC-3AC1-B6E3-02D97BB8861D}
		{6B3DA815-5E7C-3D96-B13F-FB066008D48C} = {6B3DA815-5E7C-3D96-B13F-FB066008D48C}
	EndProjectSection
EndProject
Project("{8BC9CEB8-8B4A-11D0-8D11-00A0C91BC942}") = "decaf", "..\external\decaf\src\decaf.vcxproj", "{920CA5E9-B14E-387A-A91C-941E62D336AF}"
	ProjectSection(ProjectDependencies) = postProject
		{F070D8A1-EDFC-3AC1-B6E3-02D97BB8861D} = {F070D8A1-EDFC-3AC1-B6E3-02D97BB8861D}
		{717376C3-8C3C-3CF8-B49B-38030826A0BB} = {717376C3-8C3C-3CF8-B49B-38030826A0BB}
		{85A3FB17-70F0-3FC1-A491-185513593707} = {85A3FB17-70F0-3FC1-A491-185513593707}
		{99F9DD74-A561-3085-AE5D-46DBF4B71348} = {99F9DD74-A561-3085-AE5D-46DBF4B71348}
		{F8D134C2-6F2A-358D-88D9-686F40B26802} = {F8D134C2-6F2A-358D-88D9-686F40B26802}
		{4D191922-993A-3C6C-BAE5-D93860FAE8F4} = {4D191922-993A-3C6C-BAE5-D93860FAE8F4}
	EndProjectSection
EndProject
Project("{8BC9CEB8-8B4A-11D0-8D11-00A0C91BC942}") = "decaf-curve25519", "..\external\decaf\src\curve25519\decaf-curve25519.vcxproj", "{717376C3-8C3C-3CF8-B49B-38030826A0BB}"
	ProjectSection(ProjectDependencies) = postProject
		{F070D8A1-EDFC-3AC1-B6E3-02D97BB8861D} = {F070D8A1-EDFC-3AC1-B6E3-02D97BB8861D}
		{99F9DD74-A561-3085-AE5D-46DBF4B71348} = {99F9DD74-A561-3085-AE5D-46DBF4B71348}
		{F8D134C2-6F2A-358D-88D9-686F40B26802} = {F8D134C2-6F2A-358D-88D9-686F40B26802}
	EndProjectSection
EndProject
Project("{8BC9CEB8-8B4A-11D0-8D11-00A0C91BC942}") = "decaf-curve448", "..\external\decaf\src\ed448goldilocks\decaf-curve448.vcxproj", "{85A3FB17-70F0-3FC1-A491-185513593707}"
	ProjectSection(ProjectDependencies) = postProject
		{F070D8A1-EDFC-3AC1-B6E3-02D97BB8861D} = {F070D8A1-EDFC-3AC1-B6E3-02D97BB8861D}
		{99F9DD74-A561-3085-AE5D-46DBF4B71348} = {99F9DD74-A561-3085-AE5D-46DBF4B71348}
		{4D191922-993A-3C6C-BAE5-D93860FAE8F4} = {4D191922-993A-3C6C-BAE5-D93860FAE8F4}
	EndProjectSection
EndProject
Project("{8BC9CEB8-8B4A-11D0-8D11-00A0C91BC942}") = "decaf-gen-c25519-ntab", "..\external\decaf\src\generator\curve25519\decaf-gen-c25519-ntab.vcxproj", "{2337AE41-09D0-3B6F-B0F9-A011AB5DD67B}"
	ProjectSection(ProjectDependencies) = postProject
		{F070D8A1-EDFC-3AC1-B6E3-02D97BB8861D} = {F070D8A1-EDFC-3AC1-B6E3-02D97BB8861D}
	EndProjectSection
EndProject
Project("{8BC9CEB8-8B4A-11D0-8D11-00A0C91BC942}") = "decaf-gen-ed448-ntab", "..\external\decaf\src\generator\ed448goldilocks\decaf-gen-ed448-ntab.vcxproj", "{1AFC673C-089E-32E8-8E36-21F317C4BEC4}"
	ProjectSection(ProjectDependencies) = postProject
		{F070D8A1-EDFC-3AC1-B6E3-02D97BB8861D} = {F070D8A1-EDFC-3AC1-B6E3-02D97BB8861D}
	EndProjectSection
EndProject
Project("{8BC9CEB8-8B4A-11D0-8D11-00A0C91BC942}") = "decaf-generated-code", "..\external\decaf\src\generator\decaf-generated-code.vcxproj", "{99F9DD74-A561-3085-AE5D-46DBF4B71348}"
	ProjectSection(ProjectDependencies) = postProject
		{F070D8A1-EDFC-3AC1-B6E3-02D97BB8861D} = {F070D8A1-EDFC-3AC1-B6E3-02D97BB8861D}
		{733DCF5F-F941-39EE-819D-411AE32D6501} = {733DCF5F-F941-39EE-819D-411AE32D6501}
		{087602D4-DFD7-35C4-9C0D-EE8AE6A0496D} = {087602D4-DFD7-35C4-9C0D-EE8AE6A0496D}
		{1F24A387-E4B5-37A5-B357-F12FA5C2075E} = {1F24A387-E4B5-37A5-B357-F12FA5C2075E}
	EndProjectSection
EndProject
Project("{8BC9CEB8-8B4A-11D0-8D11-00A0C91BC942}") = "decaf-generator-common-code", "..\external\decaf\src\generator\decaf-generator-common-code.vcxproj", "{733DCF5F-F941-39EE-819D-411AE32D6501}"
	ProjectSection(ProjectDependencies) = postProject
		{F070D8A1-EDFC-3AC1-B6E3-02D97BB8861D} = {F070D8A1-EDFC-3AC1-B6E3-02D97BB8861D}
	EndProjectSection
EndProject
Project("{8BC9CEB8-8B4A-11D0-8D11-00A0C91BC942}") = "decaf-generator-curve25519", "..\external\decaf\src\generator\curve25519\decaf-generator-curve25519.vcxproj", "{087602D4-DFD7-35C4-9C0D-EE8AE6A0496D}"
	ProjectSection(ProjectDependencies) = postProject
		{F070D8A1-EDFC-3AC1-B6E3-02D97BB8861D} = {F070D8A1-EDFC-3AC1-B6E3-02D97BB8861D}
		{2337AE41-09D0-3B6F-B0F9-A011AB5DD67B} = {2337AE41-09D0-3B6F-B0F9-A011AB5DD67B}
		{98CCD945-BEBF-3A78-8C63-D77749E81093} = {98CCD945-BEBF-3A78-8C63-D77749E81093}
	EndProjectSection
EndProject
Project("{8BC9CEB8-8B4A-11D0-8D11-00A0C91BC942}") = "decaf-generator-ed448goldilocks", "..\external\decaf\src\generator\ed448goldilocks\decaf-generator-ed448goldilocks.vcxproj", "{1F24A387-E4B5-37A5-B357-F12FA5C2075E}"
	ProjectSection(ProjectDependencies) = postProject
		{F070D8A1-EDFC-3AC1-B6E3-02D97BB8861D} = {F070D8A1-EDFC-3AC1-B6E3-02D97BB8861D}
		{1AFC673C-089E-32E8-8E36-21F317C4BEC4} = {1AFC673C-089E-32E8-8E36-21F317C4BEC4}
		{521DE435-C2EE-38A7-A0C1-3A4EF7C7E8DE} = {521DE435-C2EE-38A7-A0C1-3A4EF7C7E8DE}
	EndProjectSection
EndProject
Project("{8BC9CEB8-8B4A-11D0-8D11-00A0C91BC942}") = "decaf-generator-p25519", "..\external\decaf\src\generator\curve25519\decaf-generator-p25519.vcxproj", "{98CCD945-BEBF-3A78-8C63-D77749E81093}"
	ProjectSection(ProjectDependencies) = postProject
		{F070D8A1-EDFC-3AC1-B6E3-02D97BB8861D} = {F070D8A1-EDFC-3AC1-B6E3-02D97BB8861D}
		{733DCF5F-F941-39EE-819D-411AE32D6501} = {733DCF5F-F941-39EE-819D-411AE32D6501}
	EndProjectSection
EndProject
Project("{8BC9CEB8-8B4A-11D0-8D11-00A0C91BC942}") = "decaf-generator-p448", "..\external\decaf\src\generator\ed448goldilocks\decaf-generator-p448.vcxproj", "{521DE435-C2EE-38A7-A0C1-3A4EF7C7E8DE}"
	ProjectSection(ProjectDependencies) = postProject
		{F070D8A1-EDFC-3AC1-B6E3-02D97BB8861D} = {F070D8A1-EDFC-3AC1-B6E3-02D97BB8861D}
		{733DCF5F-F941-39EE-819D-411AE32D6501} = {733DCF5F-F941-39EE-819D-411AE32D6501}
	EndProjectSection
EndProject
Project("{8BC9CEB8-8B4A-11D0-8D11-00A0C91BC942}") = "decaf-p25519", "..\external\decaf\src\p25519\decaf-p25519.vcxproj", "{F8D134C2-6F2A-358D-88D9-686F40B26802}"
	ProjectSection(ProjectDependencies) = postProject
		{F070D8A1-EDFC-3AC1-B6E3-02D97BB8861D} = {F070D8A1-EDFC-3AC1-B6E3-02D97BB8861D}
		{98CCD945-BEBF-3A78-8C63-D77749E81093} = {98CCD945-BEBF-3A78-8C63-D77749E81093}
	EndProjectSection
EndProject
Project("{8BC9CEB8-8B4A-11D0-8D11-00A0C91BC942}") = "decaf-p448", "..\external\decaf\src\p448\decaf-p448.vcxproj", "{4D191922-993A-3C6C-BAE5-D93860FAE8F4}"
	ProjectSection(ProjectDependencies) = postProject
		{F070D8A1-EDFC-3AC1-B6E3-02D97BB8861D} = {F070D8A1-EDFC-3AC1-B6E3-02D97BB8861D}
		{521DE435-C2EE-38A7-A0C1-3A4EF7C7E8DE} = {521DE435-C2EE-38A7-A0C1-3A4EF7C7E8DE}
	EndProjectSection
EndProject
Project("{8BC9CEB8-8B4A-11D0-8D11-00A0C91BC942}") = "mbedcrypto", "..\external\mbedtls\library\mbedcrypto.vcxproj", "{FB85BAC5-6A79-3947-B898-409228784062}"
	ProjectSection(ProjectDependencies) = postProject
		{F070D8A1-EDFC-3AC1-B6E3-02D97BB8861D} = {F070D8A1-EDFC-3AC1-B6E3-02D97BB8861D}
	EndProjectSection
EndProject
Project("{8BC9CEB8-8B4A-11D0-8D11-00A0C91BC942}") = "mbedtls", "..\external\mbedtls\library\mbedtls.vcxproj", "{3B999FFB-034D-371B-A224-569B34DFC2E1}"
	ProjectSection(ProjectDependencies) = postProject
		{F070D8A1-EDFC-3AC1-B6E3-02D97BB8861D} = {F070D8A1-EDFC-3AC1-B6E3-02D97BB8861D}
		{FB85BAC5-6A79-3947-B898-409228784062} = {FB85BAC5-6A79-3947-B898-409228784062}
		{B4371D07-5722-3BFF-A852-75A9B4658E9D} = {B4371D07-5722-3BFF-A852-75A9B4658E9D}
	EndProjectSection
EndProject
Project("{8BC9CEB8-8B4A-11D0-8D11-00A0C91BC942}") = "mbedx509", "..\external\mbedtls\library\mbedx509.vcxproj", "{B4371D07-5722-3BFF-A852-75A9B4658E9D}"
	ProjectSection(ProjectDependencies) = postProject
		{F070D8A1-EDFC-3AC1-B6E3-02D97BB8861D} = {F070D8A1-EDFC-3AC1-B6E3-02D97BB8861D}
		{FB85BAC5-6A79-3947-B898-409228784062} = {FB85BAC5-6A79-3947-B898-409228784062}
	EndProjectSection
EndProject
Project("{8BC9CEB8-8B4A-11D0-8D11-00A0C91BC942}") = "zlib", "..\external\zlib\zlib.vcxproj", "{227FDFA7-039E-3A4F-BEA2-6E62CDA154F9}"
	ProjectSection(ProjectDependencies) = postProject
		{F070D8A1-EDFC-3AC1-B6E3-02D97BB8861D} = {F070D8A1-EDFC-3AC1-B6E3-02D97BB8861D}
	EndProjectSection
EndProject
Global
	GlobalSection(SolutionConfigurationPlatforms) = preSolution
		Debug|x64 = Debug|x64
		Release|x64 = Release|x64
		MinSizeRel|x64 = MinSizeRel|x64
		RelWithDebInfo|x64 = RelWithDebInfo|x64
	EndGlobalSection
	GlobalSection(ProjectConfigurationPlatforms) = postSolution
		{E8FF1EBA-85CD-34BE-AE85-4F2801638F9C}.Debug|x64.ActiveCfg = Debug|x64
		{E8FF1EBA-85CD-34BE-AE85-4F2801638F9C}.Debug|x64.Build.0 = Debug|x64
		{E8FF1EBA-85CD-34BE-AE85-4F2801638F9C}.Release|x64.ActiveCfg = Release|x64
		{E8FF1EBA-85CD-34BE-AE85-4F2801638F9C}.Release|x64.Build.0 = Release|x64
		{E8FF1EBA-85CD-34BE-AE85-4F2801638F9C}.MinSizeRel|x64.ActiveCfg = MinSizeRel|x64
		{E8FF1EBA-85CD-34BE-AE85-4F2801638F9C}.MinSizeRel|x64.Build.0 = MinSizeRel|x64
		{E8FF1EBA-85CD-34BE-AE85-4F2801638F9C}.RelWithDebInfo|x64.ActiveCfg = RelWithDebInfo|x64
		{E8FF1EBA-85CD-34BE-AE85-4F2801638F9C}.RelWithDebInfo|x64.Build.0 = RelWithDebInfo|x64
		{39F01287-523C-3D01-8927-C92BC815967D}.Debug|x64.ActiveCfg = Debug|x64
		{39F01287-523C-3D01-8927-C92BC815967D}.Release|x64.ActiveCfg = Release|x64
		{39F01287-523C-3D01-8927-C92BC815967D}.MinSizeRel|x64.ActiveCfg = MinSizeRel|x64
		{39F01287-523C-3D01-8927-C92BC815967D}.RelWithDebInfo|x64.ActiveCfg = RelWithDebInfo|x64
		{451BB594-09EB-358E-B2E0-229A1C3CD587}.Debug|x64.ActiveCfg = Debug|x64
		{451BB594-09EB-358E-B2E0-229A1C3CD587}.Release|x64.ActiveCfg = Release|x64
		{451BB594-09EB-358E-B2E0-229A1C3CD587}.MinSizeRel|x64.ActiveCfg = MinSizeRel|x64
		{451BB594-09EB-358E-B2E0-229A1C3CD587}.RelWithDebInfo|x64.ActiveCfg = RelWithDebInfo|x64
		{F070D8A1-EDFC-3AC1-B6E3-02D97BB8861D}.Debug|x64.ActiveCfg = Debug|x64
		{F070D8A1-EDFC-3AC1-B6E3-02D97BB8861D}.Debug|x64.Build.0 = Debug|x64
		{F070D8A1-EDFC-3AC1-B6E3-02D97BB8861D}.Release|x64.ActiveCfg = Release|x64
		{F070D8A1-EDFC-3AC1-B6E3-02D97BB8861D}.Release|x64.Build.0 = Release|x64
		{F070D8A1-EDFC-3AC1-B6E3-02D97BB8861D}.MinSizeRel|x64.ActiveCfg = MinSizeRel|x64
		{F070D8A1-EDFC-3AC1-B6E3-02D97BB8861D}.MinSizeRel|x64.Build.0 = MinSizeRel|x64
		{F070D8A1-EDFC-3AC1-B6E3-02D97BB8861D}.RelWithDebInfo|x64.ActiveCfg = RelWithDebInfo|x64
		{F070D8A1-EDFC-3AC1-B6E3-02D97BB8861D}.RelWithDebInfo|x64.Build.0 = RelWithDebInfo|x64
		{6B3DA815-5E7C-3D96-B13F-FB066008D48C}.Debug|x64.ActiveCfg = Debug|x64
		{6B3DA815-5E7C-3D96-B13F-FB066008D48C}.Debug|x64.Build.0 = Debug|x64
		{6B3DA815-5E7C-3D96-B13F-FB066008D48C}.Release|x64.ActiveCfg = Release|x64
		{6B3DA815-5E7C-3D96-B13F-FB066008D48C}.Release|x64.Build.0 = Release|x64
		{6B3DA815-5E7C-3D96-B13F-FB066008D48C}.MinSizeRel|x64.ActiveCfg = MinSizeRel|x64
		{6B3DA815-5E7C-3D96-B13F-FB066008D48C}.MinSizeRel|x64.Build.0 = MinSizeRel|x64
		{6B3DA815-5E7C-3D96-B13F-FB066008D48C}.RelWithDebInfo|x64.ActiveCfg = RelWithDebInfo|x64
		{6B3DA815-5E7C-3D96-B13F-FB066008D48C}.RelWithDebInfo|x64.Build.0 = RelWithDebInfo|x64
		{83AE1095-9FDE-3A5F-B680-9FB9FEDD85DF}.Debug|x64.ActiveCfg = Debug|x64
		{83AE1095-9FDE-3A5F-B680-9FB9FEDD85DF}.Debug|x64.Build.0 = Debug|x64
		{83AE1095-9FDE-3A5F-B680-9FB9FEDD85DF}.Release|x64.ActiveCfg = Release|x64
		{83AE1095-9FDE-3A5F-B680-9FB9FEDD85DF}.Release|x64.Build.0 = Release|x64
		{83AE1095-9FDE-3A5F-B680-9FB9FEDD85DF}.MinSizeRel|x64.ActiveCfg = MinSizeRel|x64
		{83AE1095-9FDE-3A5F-B680-9FB9FEDD85DF}.MinSizeRel|x64.Build.0 = MinSizeRel|x64
		{83AE1095-9FDE-3A5F-B680-9FB9FEDD85DF}.RelWithDebInfo|x64.ActiveCfg = RelWithDebInfo|x64
		{83AE1095-9FDE-3A5F-B680-9FB9FEDD85DF}.RelWithDebInfo|x64.Build.0 = RelWithDebInfo|x64
		{52591401-4514-3684-B540-2F67B7731699}.Debug|x64.ActiveCfg = Debug|x64
		{52591401-4514-3684-B540-2F67B7731699}.Debug|x64.Build.0 = Debug|x64
		{52591401-4514-3684-B540-2F67B7731699}.Release|x64.ActiveCfg = Release|x64
		{52591401-4514-3684-B540-2F67B7731699}.Release|x64.Build.0 = Release|x64
		{52591401-4514-3684-B540-2F67B7731699}.MinSizeRel|x64.ActiveCfg = MinSizeRel|x64
		{52591401-4514-3684-B540-2F67B7731699}.MinSizeRel|x64.Build.0 = MinSizeRel|x64
		{52591401-4514-3684-B540-2F67B7731699}.RelWithDebInfo|x64.ActiveCfg = RelWithDebInfo|x64
		{52591401-4514-3684-B540-2F67B7731699}.RelWithDebInfo|x64.Build.0 = RelWithDebInfo|x64
		{920CA5E9-B14E-387A-A91C-941E62D336AF}.Debug|x64.ActiveCfg = Debug|x64
		{920CA5E9-B14E-387A-A91C-941E62D336AF}.Debug|x64.Build.0 = Debug|x64
		{920CA5E9-B14E-387A-A91C-941E62D336AF}.Release|x64.ActiveCfg = Release|x64
		{920CA5E9-B14E-387A-A91C-941E62D336AF}.Release|x64.Build.0 = Release|x64
		{920CA5E9-B14E-387A-A91C-941E62D336AF}.MinSizeRel|x64.ActiveCfg = MinSizeRel|x64
		{920CA5E9-B14E-387A-A91C-941E62D336AF}.MinSizeRel|x64.Build.0 = MinSizeRel|x64
		{920CA5E9-B14E-387A-A91C-941E62D336AF}.RelWithDebInfo|x64.ActiveCfg = RelWithDebInfo|x64
		{920CA5E9-B14E-387A-A91C-941E62D336AF}.RelWithDebInfo|x64.Build.0 = RelWithDebInfo|x64
		{717376C3-8C3C-3CF8-B49B-38030826A0BB}.Debug|x64.ActiveCfg = Debug|x64
		{717376C3-8C3C-3CF8-B49B-38030826A0BB}.Debug|x64.Build.0 = Debug|x64
		{717376C3-8C3C-3CF8-B49B-38030826A0BB}.Release|x64.ActiveCfg = Release|x64
		{717376C3-8C3C-3CF8-B49B-38030826A0BB}.Release|x64.Build.0 = Release|x64
		{717376C3-8C3C-3CF8-B49B-38030826A0BB}.MinSizeRel|x64.ActiveCfg = MinSizeRel|x64
		{717376C3-8C3C-3CF8-B49B-38030826A0BB}.MinSizeRel|x64.Build.0 = MinSizeRel|x64
		{717376C3-8C3C-3CF8-B49B-38030826A0BB}.RelWithDebInfo|x64.ActiveCfg = RelWithDebInfo|x64
		{717376C3-8C3C-3CF8-B49B-38030826A0BB}.RelWithDebInfo|x64.Build.0 = RelWithDebInfo|x64
		{85A3FB17-70F0-3FC1-A491-185513593707}.Debug|x64.ActiveCfg = Debug|x64
		{85A3FB17-70F0-3FC1-A491-185513593707}.Debug|x64.Build.0 = Debug|x64
		{85A3FB17-70F0-3FC1-A491-185513593707}.Release|x64.ActiveCfg = Release|x64
		{85A3FB17-70F0-3FC1-A491-185513593707}.Release|x64.Build.0 = Release|x64
		{85A3FB17-70F0-3FC1-A491-185513593707}.MinSizeRel|x64.ActiveCfg = MinSizeRel|x64
		{85A3FB17-70F0-3FC1-A491-185513593707}.MinSizeRel|x64.Build.0 = MinSizeRel|x64
		{85A3FB17-70F0-3FC1-A491-185513593707}.RelWithDebInfo|x64.ActiveCfg = RelWithDebInfo|x64
		{85A3FB17-70F0-3FC1-A491-185513593707}.RelWithDebInfo|x64.Build.0 = RelWithDebInfo|x64
		{2337AE41-09D0-3B6F-B0F9-A011AB5DD67B}.Debug|x64.ActiveCfg = Debug|x64
		{2337AE41-09D0-3B6F-B0F9-A011AB5DD67B}.Debug|x64.Build.0 = Debug|x64
		{2337AE41-09D0-3B6F-B0F9-A011AB5DD67B}.Release|x64.ActiveCfg = Release|x64
		{2337AE41-09D0-3B6F-B0F9-A011AB5DD67B}.Release|x64.Build.0 = Release|x64
		{2337AE41-09D0-3B6F-B0F9-A011AB5DD67B}.MinSizeRel|x64.ActiveCfg = MinSizeRel|x64
		{2337AE41-09D0-3B6F-B0F9-A011AB5DD67B}.MinSizeRel|x64.Build.0 = MinSizeRel|x64
		{2337AE41-09D0-3B6F-B0F9-A011AB5DD67B}.RelWithDebInfo|x64.ActiveCfg = RelWithDebInfo|x64
		{2337AE41-09D0-3B6F-B0F9-A011AB5DD67B}.RelWithDebInfo|x64.Build.0 = RelWithDebInfo|x64
		{1AFC673C-089E-32E8-8E36-21F317C4BEC4}.Debug|x64.ActiveCfg = Debug|x64
		{1AFC673C-089E-32E8-8E36-21F317C4BEC4}.Debug|x64.Build.0 = Debug|x64
		{1AFC673C-089E-32E8-8E36-21F317C4BEC4}.Release|x64.ActiveCfg = Release|x64
		{1AFC673C-089E-32E8-8E36-21F317C4BEC4}.Release|x64.Build.0 = Release|x64
		{1AFC673C-089E-32E8-8E36-21F317C4BEC4}.MinSizeRel|x64.ActiveCfg = MinSizeRel|x64
		{1AFC673C-089E-32E8-8E36-21F317C4BEC4}.MinSizeRel|x64.Build.0 = MinSizeRel|x64
		{1AFC673C-089E-32E8-8E36-21F317C4BEC4}.RelWithDebInfo|x64.ActiveCfg = RelWithDebInfo|x64
		{1AFC673C-089E-32E8-8E36-21F317C4BEC4}.RelWithDebInfo|x64.Build.0 = RelWithDebInfo|x64
		{99F9DD74-A561-3085-AE5D-46DBF4B71348}.Debug|x64.ActiveCfg = Debug|x64
		{99F9DD74-A561-3085-AE5D-46DBF4B71348}.Debug|x64.Build.0 = Debug|x64
		{99F9DD74-A561-3085-AE5D-46DBF4B71348}.Release|x64.ActiveCfg = Release|x64
		{99F9DD74-A561-3085-AE5D-46DBF4B71348}.Release|x64.Build.0 = Release|x64
		{99F9DD74-A561-3085-AE5D-46DBF4B71348}.MinSizeRel|x64.ActiveCfg = MinSizeRel|x64
		{99F9DD74-A561-3085-AE5D-46DBF4B71348}.MinSizeRel|x64.Build.0 = MinSizeRel|x64
		{99F9DD74-A561-3085-AE5D-46DBF4B71348}.RelWithDebInfo|x64.ActiveCfg = RelWithDebInfo|x64
		{99F9DD74-A561-3085-AE5D-46DBF4B71348}.RelWithDebInfo|x64.Build.0 = RelWithDebInfo|x64
		{733DCF5F-F941-39EE-819D-411AE32D6501}.Debug|x64.ActiveCfg = Debug|x64
		{733DCF5F-F941-39EE-819D-411AE32D6501}.Debug|x64.Build.0 = Debug|x64
		{733DCF5F-F941-39EE-819D-411AE32D6501}.Release|x64.ActiveCfg = Release|x64
		{733DCF5F-F941-39EE-819D-411AE32D6501}.Release|x64.Build.0 = Release|x64
		{733DCF5F-F941-39EE-819D-411AE32D6501}.MinSizeRel|x64.ActiveCfg = MinSizeRel|x64
		{733DCF5F-F941-39EE-819D-411AE32D6501}.MinSizeRel|x64.Build.0 = MinSizeRel|x64
		{733DCF5F-F941-39EE-819D-411AE32D6501}.RelWithDebInfo|x64.ActiveCfg = RelWithDebInfo|x64
		{733DCF5F-F941-39EE-819D-411AE32D6501}.RelWithDebInfo|x64.Build.0 = RelWithDebInfo|x64
		{087602D4-DFD7-35C4-9C0D-EE8AE6A0496D}.Debug|x64.ActiveCfg = Debug|x64
		{087602D4-DFD7-35C4-9C0D-EE8AE6A0496D}.Debug|x64.Build.0 = Debug|x64
		{087602D4-DFD7-35C4-9C0D-EE8AE6A0496D}.Release|x64.ActiveCfg = Release|x64
		{087602D4-DFD7-35C4-9C0D-EE8AE6A0496D}.Release|x64.Build.0 = Release|x64
		{087602D4-DFD7-35C4-9C0D-EE8AE6A0496D}.MinSizeRel|x64.ActiveCfg = MinSizeRel|x64
		{087602D4-DFD7-35C4-9C0D-EE8AE6A0496D}.MinSizeRel|x64.Build.0 = MinSizeRel|x64
		{087602D4-DFD7-35C4-9C0D-EE8AE6A0496D}.RelWithDebInfo|x64.ActiveCfg = RelWithDebInfo|x64
		{087602D4-DFD7-35C4-9C0D-EE8AE6A0496D}.RelWithDebInfo|x64.Build.0 = RelWithDebInfo|x64
		{1F24A387-E4B5-37A5-B357-F12FA5C2075E}.Debug|x64.ActiveCfg = Debug|x64
		{1F24A387-E4B5-37A5-B357-F12FA5C2075E}.Debug|x64.Build.0 = Debug|x64
		{1F24A387-E4B5-37A5-B357-F12FA5C2075E}.Release|x64.ActiveCfg = Release|x64
		{1F24A387-E4B5-37A5-B357-F12FA5C2075E}.Release|x64.Build.0 = Release|x64
		{1F24A387-E4B5-37A5-B357-F12FA5C2075E}.MinSizeRel|x64.ActiveCfg = MinSizeRel|x64
		{1F24A387-E4B5-37A5-B357-F12FA5C2075E}.MinSizeRel|x64.Build.0 = MinSizeRel|x64
		{1F24A387-E4B5-37A5-B357-F12FA5C2075E}.RelWithDebInfo|x64.ActiveCfg = RelWithDebInfo|x64
		{1F24A387-E4B5-37A5-B357-F12FA5C2075E}.RelWithDebInfo|x64.Build.0 = RelWithDebInfo|x64
		{98CCD945-BEBF-3A78-8C63-D77749E81093}.Debug|x64.ActiveCfg = Debug|x64
		{98CCD945-BEBF-3A78-8C63-D77749E81093}.Debug|x64.Build.0 = Debug|x64
		{98CCD945-BEBF-3A78-8C63-D77749E81093}.Release|x64.ActiveCfg = Release|x64
		{98CCD945-BEBF-3A78-8C63-D77749E81093}.Release|x64.Build.0 = Release|x64
		{98CCD945-BEBF-3A78-8C63-D77749E81093}.MinSizeRel|x64.ActiveCfg = MinSizeRel|x64
		{98CCD945-BEBF-3A78-8C63-D77749E81093}.MinSizeRel|x64.Build.0 = MinSizeRel|x64
		{98CCD945-BEBF-3A78-8C63-D77749E81093}.RelWithDebInfo|x64.ActiveCfg = RelWithDebInfo|x64
		{98CCD945-BEBF-3A78-8C63-D77749E81093}.RelWithDebInfo|x64.Build.0 = RelWithDebInfo|x64
		{521DE435-C2EE-38A7-A0C1-3A4EF7C7E8DE}.Debug|x64.ActiveCfg = Debug|x64
		{521DE435-C2EE-38A7-A0C1-3A4EF7C7E8DE}.Debug|x64.Build.0 = Debug|x64
		{521DE435-C2EE-38A7-A0C1-3A4EF7C7E8DE}.Release|x64.ActiveCfg = Release|x64
		{521DE435-C2EE-38A7-A0C1-3A4EF7C7E8DE}.Release|x64.Build.0 = Release|x64
		{521DE435-C2EE-38A7-A0C1-3A4EF7C7E8DE}.MinSizeRel|x64.ActiveCfg = MinSizeRel|x64
		{521DE435-C2EE-38A7-A0C1-3A4EF7C7E8DE}.MinSizeRel|x64.Build.0 = MinSizeRel|x64
		{521DE435-C2EE-38A7-A0C1-3A4EF7C7E8DE}.RelWithDebInfo|x64.ActiveCfg = RelWithDebInfo|x64
		{521DE435-C2EE-38A7-A0C1-3A4EF7C7E8DE}.RelWithDebInfo|x64.Build.0 = RelWithDebInfo|x64
		{F8D134C2-6F2A-358D-88D9-686F40B26802}.Debug|x64.ActiveCfg = Debug|x64
		{F8D134C2-6F2A-358D-88D9-686F40B26802}.Debug|x64.Build.0 = Debug|x64
		{F8D134C2-6F2A-358D-88D9-686F40B26802}.Release|x64.ActiveCfg = Release|x64
		{F8D134C2-6F2A-358D-88D9-686F40B26802}.Release|x64.Build.0 = Release|x64
		{F8D134C2-6F2A-358D-88D9-686F40B26802}.MinSizeRel|x64.ActiveCfg = MinSizeRel|x64
		{F8D134C2-6F2A-358D-88D9-686F40B26802}.MinSizeRel|x64.Build.0 = MinSizeRel|x64
		{F8D134C2-6F2A-358D-88D9-686F40B26802}.RelWithDebInfo|x64.ActiveCfg = RelWithDebInfo|x64
		{F8D134C2-6F2A-358D-88D9-686F40B26802}.RelWithDebInfo|x64.Build.0 = RelWithDebInfo|x64
		{4D191922-993A-3C6C-BAE5-D93860FAE8F4}.Debug|x64.ActiveCfg = Debug|x64
		{4D191922-993A-3C6C-BAE5-D93860FAE8F4}.Debug|x64.Build.0 = Debug|x64
		{4D191922-993A-3C6C-BAE5-D93860FAE8F4}.Release|x64.ActiveCfg = Release|x64
		{4D191922-993A-3C6C-BAE5-D93860FAE8F4}.Release|x64.Build.0 = Release|x64
		{4D191922-993A-3C6C-BAE5-D93860FAE8F4}.MinSizeRel|x64.ActiveCfg = MinSizeRel|x64
		{4D191922-993A-3C6C-BAE5-D93860FAE8F4}.MinSizeRel|x64.Build.0 = MinSizeRel|x64
		{4D191922-993A-3C6C-BAE5-D93860FAE8F4}.RelWithDebInfo|x64.ActiveCfg = RelWithDebInfo|x64
		{4D191922-993A-3C6C-BAE5-D93860FAE8F4}.RelWithDebInfo|x64.Build.0 = RelWithDebInfo|x64
		{FB85BAC5-6A79-3947-B898-409228784062}.Debug|x64.ActiveCfg = Debug|x64
		{FB85BAC5-6A79-3947-B898-409228784062}.Debug|x64.Build.0 = Debug|x64
		{FB85BAC5-6A79-3947-B898-409228784062}.Release|x64.ActiveCfg = Release|x64
		{FB85BAC5-6A79-3947-B898-409228784062}.Release|x64.Build.0 = Release|x64
		{FB85BAC5-6A79-3947-B898-409228784062}.MinSizeRel|x64.ActiveCfg = MinSizeRel|x64
		{FB85BAC5-6A79-3947-B898-409228784062}.MinSizeRel|x64.Build.0 = MinSizeRel|x64
		{FB85BAC5-6A79-3947-B898-409228784062}.RelWithDebInfo|x64.ActiveCfg = RelWithDebInfo|x64
		{FB85BAC5-6A79-3947-B898-409228784062}.RelWithDebInfo|x64.Build.0 = RelWithDebInfo|x64
		{3B999FFB-034D-371B-A224-569B34DFC2E1}.Debug|x64.ActiveCfg = Debug|x64
		{3B999FFB-034D-371B-A224-569B34DFC2E1}.Debug|x64.Build.0 = Debug|x64
		{3B999FFB-034D-371B-A224-569B34DFC2E1}.Release|x64.ActiveCfg = Release|x64
		{3B999FFB-034D-371B-A224-569B34DFC2E1}.Release|x64.Build.0 = Release|x64
		{3B999FFB-034D-371B-A224-569B34DFC2E1}.MinSizeRel|x64.ActiveCfg = MinSizeRel|x64
		{3B999FFB-034D-371B-A224-569B34DFC2E1}.MinSizeRel|x64.Build.0 = MinSizeRel|x64
		{3B999FFB-034D-371B-A224-569B34DFC2E1}.RelWithDebInfo|x64.ActiveCfg = RelWithDebInfo|x64
		{3B999FFB-034D-371B-A224-569B34DFC2E1}.RelWithDebInfo|x64.Build.0 = RelWithDebInfo|x64
		{B4371D07-5722-3BFF-A852-75A9B4658E9D}.Debug|x64.ActiveCfg = Debug|x64
		{B4371D07-5722-3BFF-A852-75A9B4658E9D}.Debug|x64.Build.0 = Debug|x64
		{B4371D07-5722-3BFF-A852-75A9B4658E9D}.Release|x64.ActiveCfg = Release|x64
		{B4371D07-5722-3BFF-A852-75A9B4658E9D}.Release|x64.Build.0 = Release|x64
		{B4371D07-5722-3BFF-A852-75A9B4658E9D}.MinSizeRel|x64.ActiveCfg = MinSizeRel|x64
		{B4371D07-5722-3BFF-A852-75A9B4658E9D}.MinSizeRel|x64.Build.0 = MinSizeRel|x64
		{B4371D07-5722-3BFF-A852-75A9B4658E9D}.RelWithDebInfo|x64.ActiveCfg = RelWithDebInfo|x64
		{B4371D07-5722-3BFF-A852-75A9B4658E9D}.RelWithDebInfo|x64.Build.0 = RelWithDebInfo|x64
		{227FDFA7-039E-3A4F-BEA2-6E62CDA154F9}.Debug|x64.ActiveCfg = Debug|x64
		{227FDFA7-039E-3A4F-BEA2-6E62CDA154F9}.Debug|x64.Build.0 = Debug|x64
		{227FDFA7-039E-3A4F-BEA2-6E62CDA154F9}.Release|x64.ActiveCfg = Release|x64
		{227FDFA7-039E-3A4F-BEA2-6E62CDA154F9}.Release|x64.Build.0 = Release|x64
		{227FDFA7-039E-3A4F-BEA2-6E62CDA154F9}.MinSizeRel|x64.ActiveCfg = MinSizeRel|x64
		{227FDFA7-039E-3A4F-BEA2-6E62CDA154F9}.MinSizeRel|x64.Build.0 = MinSizeRel|x64
		{227FDFA7-039E-3A4F-BEA2-6E62CDA154F9}.RelWithDebInfo|x64.ActiveCfg = RelWithDebInfo|x64
		{227FDFA7-039E-3A4F-BEA2-6E62CDA154F9}.RelWithDebInfo|x64.Build.0 = RelWithDebInfo|x64
	EndGlobalSection
	GlobalSection(NestedProjects) = preSolution
		{E8FF1EBA-85CD-34BE-AE85-4F2801638F9C} = {6F6831B0-E433-33FC-9D23-712A99860441}
		{39F01287-523C-3D01-8927-C92BC815967D} = {6F6831B0-E433-33FC-9D23-712A99860441}
		{451BB594-09EB-358E-B2E0-229A1C3CD587} = {6F6831B0-E433-33FC-9D23-712A99860441}
		{F070D8A1-EDFC-3AC1-B6E3-02D97BB8861D} = {6F6831B0-E433-33FC-9D23-712A99860441}
	EndGlobalSection
	GlobalSection(ExtensibilityGlobals) = postSolution
		SolutionGuid = {14BA6DE7-789E-3A90-AE36-12D42D1CFEEF}
	EndGlobalSection
	GlobalSection(ExtensibilityAddIns) = postSolution
	EndGlobalSection
EndGlobal
