
Microsoft Visual Studio Solution File, Format Version 12.00
# Visual Studio Version 16
Project("{2150E333-8FDC-42A3-9474-1A3956D46DE8}") = "CMakePredefinedTargets", "CMakePredefinedTargets", "{6F6831B0-E433-33FC-9D23-712A99860441}"
EndProject
Project("{2150E333-8FDC-42A3-9474-1A3956D46DE8}") = "ExternalProjectTargets", "ExternalProjectTargets", "{CBF71CBC-D942-32EC-8A2C-F55ED35D11D7}"
EndProject
Project("{2150E333-8FDC-42A3-9474-1A3956D46DE8}") = "dav1d", "ExternalProjectTargets\dav1d", "{7D511584-A798-333F-A623-F1346B5A8207}"
EndProject
Project("{2150E333-8FDC-42A3-9474-1A3956D46DE8}") = "libaom", "ExternalProjectTargets\libaom", "{5D4A3872-0C52-3F1D-988F-3AA95CF9987F}"
EndProject
Project("{2150E333-8FDC-42A3-9474-1A3956D46DE8}") = "vpx", "ExternalProjectTargets\vpx", "{E10EC3AB-00DD-3F38-8F90-2CD0C7911E88}"
EndProject
Project("{8BC9CEB8-8B4A-11D0-8D11-00A0C91BC942}") = "ALL_BUILD", "ALL_BUILD.vcxproj", "{E8FF1EBA-85CD-34BE-AE85-4F2801638F9C}"
	ProjectSection(ProjectDependencies) = postProject
		{F070D8A1-EDFC-3AC1-B6E3-02D97BB8861D} = {F070D8A1-EDFC-3AC1-B6E3-02D97BB8861D}
		{6DE75EF3-DB0E-3247-911C-9F3E75A6FDD6} = {6DE75EF3-DB0E-3247-911C-9F3E75A6FDD6}
	EndProjectSection
EndProject
Project("{8BC9CEB8-8B4A-11D0-8D11-00A0C91BC942}") = "INSTALL", "INSTALL.vcxproj", "{39F01287-523C-3D01-8927-C92BC815967D}"
	ProjectSection(ProjectDependencies) = postProject
		{E8FF1EBA-85CD-34BE-AE85-4F2801638F9C} = {E8FF1EBA-85CD-34BE-AE85-4F2801638F9C}
		{F070D8A1-EDFC-3AC1-B6E3-02D97BB8861D} = {F070D8A1-EDFC-3AC1-B6E3-02D97BB8861D}
	EndProjectSection
EndProject
Project("{8BC9CEB8-8B4A-11D0-8D11-00A0C91BC942}") = "PACKAGE", "PACKAGE.vcxproj", "{451BB594-09EB-358E-B2E0-229A1C3CD587}"
	ProjectSection(ProjectDependencies) = postProject
		{E8FF1EBA-85CD-34BE-AE85-4F2801638F9C} = {E8FF1EBA-85CD-34BE-AE85-4F2801638F9C}
		{F070D8A1-EDFC-3AC1-B6E3-02D97BB8861D} = {F070D8A1-EDFC-3AC1-B6E3-02D97BB8861D}
	EndProjectSection
EndProject
Project("{8BC9CEB8-8B4A-11D0-8D11-00A0C91BC942}") = "ZERO_CHECK", "..\..\\ZERO_CHECK.vcxproj", "{F070D8A1-EDFC-3AC1-B6E3-02D97BB8861D}"
	ProjectSection(ProjectDependencies) = postProject
	EndProjectSection
EndProject
Project("{8BC9CEB8-8B4A-11D0-8D11-00A0C91BC942}") = "bcmatroska2", "..\bcmatroska2\libmatroska2\bcmatroska2.vcxproj", "{C45EBDF6-BA54-3227-B957-396FE67712F4}"
	ProjectSection(ProjectDependencies) = postProject
		{F070D8A1-EDFC-3AC1-B6E3-02D97BB8861D} = {F070D8A1-EDFC-3AC1-B6E3-02D97BB8861D}
		{DDE62838-B91D-3924-AB1B-026C834D43E0} = {DDE62838-B91D-3924-AB1B-026C834D43E0}
		{0DB2E1D9-53EA-3CC9-88B4-4F9AFC6832F2} = {0DB2E1D9-53EA-3CC9-88B4-4F9AFC6832F2}
		{6B3DA815-5E7C-3D96-B13F-FB066008D48C} = {6B3DA815-5E7C-3D96-B13F-FB066008D48C}
	EndProjectSection
EndProject
Project("{8BC9CEB8-8B4A-11D0-8D11-00A0C91BC942}") = "bcmatroska2-corec-objects", "..\bcmatroska2\corec\corec\bcmatroska2-corec-objects.vcxproj", "{DDE62838-B91D-3924-AB1B-026C834D43E0}"
	ProjectSection(ProjectDependencies) = postProject
		{F070D8A1-EDFC-3AC1-B6E3-02D97BB8861D} = {F070D8A1-EDFC-3AC1-B6E3-02D97BB8861D}
	EndProjectSection
EndProject
Project("{8BC9CEB8-8B4A-11D0-8D11-00A0C91BC942}") = "bcmatroska2-ebml-objects", "..\bcmatroska2\libebml2\bcmatroska2-ebml-objects.vcxproj", "{0DB2E1D9-53EA-3CC9-88B4-4F9AFC6832F2}"
	ProjectSection(ProjectDependencies) = postProject
		{F070D8A1-EDFC-3AC1-B6E3-02D97BB8861D} = {F070D8A1-EDFC-3AC1-B6E3-02D97BB8861D}
	EndProjectSection
EndProject
Project("{8BC9CEB8-8B4A-11D0-8D11-00A0C91BC942}") = "bctoolbox", "..\bctoolbox\src\bctoolbox.vcxproj", "{6B3DA815-5E7C-3D96-B13F-FB066008D48C}"
	ProjectSection(ProjectDependencies) = postProject
		{F070D8A1-EDFC-3AC1-B6E3-02D97BB8861D} = {F070D8A1-EDFC-3AC1-B6E3-02D97BB8861D}
		{920CA5E9-B14E-387A-A91C-941E62D336AF} = {920CA5E9-B14E-387A-A91C-941E62D336AF}
		{FB85BAC5-6A79-3947-B898-409228784062} = {FB85BAC5-6A79-3947-B898-409228784062}
		{3B999FFB-034D-371B-A224-569B34DFC2E1} = {3B999FFB-034D-371B-A224-569B34DFC2E1}
		{B4371D07-5722-3BFF-A852-75A9B4658E9D} = {B4371D07-5722-3BFF-A852-75A9B4658E9D}
	EndProjectSection
EndProject
Project("{8BC9CEB8-8B4A-11D0-8D11-00A0C91BC942}") = "bv16", "..\external\bv16-floatingpoint\bv16.vcxproj", "{42041097-DA5E-3164-92EF-D53230F313B1}"
	ProjectSection(ProjectDependencies) = postProject
		{F070D8A1-EDFC-3AC1-B6E3-02D97BB8861D} = {F070D8A1-EDFC-3AC1-B6E3-02D97BB8861D}
	EndProjectSection
EndProject
Project("{8BC9CEB8-8B4A-11D0-8D11-00A0C91BC942}") = "bzrtp", "..\bzrtp\src\bzrtp.vcxproj", "{7C1AEBF8-078E-3288-9677-2E8648CEB2F7}"
	ProjectSection(ProjectDependencies) = postProject
		{F070D8A1-EDFC-3AC1-B6E3-02D97BB8861D} = {F070D8A1-EDFC-3AC1-B6E3-02D97BB8861D}
		{6B3DA815-5E7C-3D96-B13F-FB066008D48C} = {6B3DA815-5E7C-3D96-B13F-FB066008D48C}
		{B816A934-93F0-3962-8541-574ACA357AA6} = {B816A934-93F0-3962-8541-574ACA357AA6}
	EndProjectSection
EndProject
Project("{8BC9CEB8-8B4A-11D0-8D11-00A0C91BC942}") = "dav1d", "..\\dav1d.vcxproj", "{B9C0B3FF-17CE-34AA-BEAF-78EC7D68C5AD}"
	ProjectSection(ProjectDependencies) = postProject
		{F070D8A1-EDFC-3AC1-B6E3-02D97BB8861D} = {F070D8A1-EDFC-3AC1-B6E3-02D97BB8861D}
	EndProjectSection
EndProject
Project("{8BC9CEB8-8B4A-11D0-8D11-00A0C91BC942}") = "decaf", "..\external\decaf\src\decaf.vcxproj", "{920CA5E9-B14E-387A-A91C-941E62D336AF}"
	ProjectSection(ProjectDependencies) = postProject
		{F070D8A1-EDFC-3AC1-B6E3-02D97BB8861D} = {F070D8A1-EDFC-3AC1-B6E3-02D97BB8861D}
		{717376C3-8C3C-3CF8-B49B-38030826A0BB} = {717376C3-8C3C-3CF8-B49B-38030826A0BB}
		{85A3FB17-70F0-3FC1-A491-185513593707} = {85A3FB17-70F0-3FC1-A491-185513593707}
		{99F9DD74-A561-3085-AE5D-46DBF4B71348} = {99F9DD74-A561-3085-AE5D-46DBF4B71348}
		{F8D134C2-6F2A-358D-88D9-686F40B26802} = {F8D134C2-6F2A-358D-88D9-686F40B26802}
		{4D191922-993A-3C6C-BAE5-D93860FAE8F4} = {4D191922-993A-3C6C-BAE5-D93860FAE8F4}
	EndProjectSection
EndProject
Project("{8BC9CEB8-8B4A-11D0-8D11-00A0C91BC942}") = "decaf-curve25519", "..\external\decaf\src\curve25519\decaf-curve25519.vcxproj", "{717376C3-8C3C-3CF8-B49B-38030826A0BB}"
	ProjectSection(ProjectDependencies) = postProject
		{F070D8A1-EDFC-3AC1-B6E3-02D97BB8861D} = {F070D8A1-EDFC-3AC1-B6E3-02D97BB8861D}
		{99F9DD74-A561-3085-AE5D-46DBF4B71348} = {99F9DD74-A561-3085-AE5D-46DBF4B71348}
		{F8D134C2-6F2A-358D-88D9-686F40B26802} = {F8D134C2-6F2A-358D-88D9-686F40B26802}
	EndProjectSection
EndProject
Project("{8BC9CEB8-8B4A-11D0-8D11-00A0C91BC942}") = "decaf-curve448", "..\external\decaf\src\ed448goldilocks\decaf-curve448.vcxproj", "{85A3FB17-70F0-3FC1-A491-185513593707}"
	ProjectSection(ProjectDependencies) = postProject
		{F070D8A1-EDFC-3AC1-B6E3-02D97BB8861D} = {F070D8A1-EDFC-3AC1-B6E3-02D97BB8861D}
		{99F9DD74-A561-3085-AE5D-46DBF4B71348} = {99F9DD74-A561-3085-AE5D-46DBF4B71348}
		{4D191922-993A-3C6C-BAE5-D93860FAE8F4} = {4D191922-993A-3C6C-BAE5-D93860FAE8F4}
	EndProjectSection
EndProject
Project("{8BC9CEB8-8B4A-11D0-8D11-00A0C91BC942}") = "decaf-gen-c25519-ntab", "..\external\decaf\src\generator\curve25519\decaf-gen-c25519-ntab.vcxproj", "{2337AE41-09D0-3B6F-B0F9-A011AB5DD67B}"
	ProjectSection(ProjectDependencies) = postProject
		{F070D8A1-EDFC-3AC1-B6E3-02D97BB8861D} = {F070D8A1-EDFC-3AC1-B6E3-02D97BB8861D}
	EndProjectSection
EndProject
Project("{8BC9CEB8-8B4A-11D0-8D11-00A0C91BC942}") = "decaf-gen-ed448-ntab", "..\external\decaf\src\generator\ed448goldilocks\decaf-gen-ed448-ntab.vcxproj", "{1AFC673C-089E-32E8-8E36-21F317C4BEC4}"
	ProjectSection(ProjectDependencies) = postProject
		{F070D8A1-EDFC-3AC1-B6E3-02D97BB8861D} = {F070D8A1-EDFC-3AC1-B6E3-02D97BB8861D}
	EndProjectSection
EndProject
Project("{8BC9CEB8-8B4A-11D0-8D11-00A0C91BC942}") = "decaf-generated-code", "..\external\decaf\src\generator\decaf-generated-code.vcxproj", "{99F9DD74-A561-3085-AE5D-46DBF4B71348}"
	ProjectSection(ProjectDependencies) = postProject
		{F070D8A1-EDFC-3AC1-B6E3-02D97BB8861D} = {F070D8A1-EDFC-3AC1-B6E3-02D97BB8861D}
		{733DCF5F-F941-39EE-819D-411AE32D6501} = {733DCF5F-F941-39EE-819D-411AE32D6501}
		{087602D4-DFD7-35C4-9C0D-EE8AE6A0496D} = {087602D4-DFD7-35C4-9C0D-EE8AE6A0496D}
		{1F24A387-E4B5-37A5-B357-F12FA5C2075E} = {1F24A387-E4B5-37A5-B357-F12FA5C2075E}
	EndProjectSection
EndProject
Project("{8BC9CEB8-8B4A-11D0-8D11-00A0C91BC942}") = "decaf-generator-common-code", "..\external\decaf\src\generator\decaf-generator-common-code.vcxproj", "{733DCF5F-F941-39EE-819D-411AE32D6501}"
	ProjectSection(ProjectDependencies) = postProject
		{F070D8A1-EDFC-3AC1-B6E3-02D97BB8861D} = {F070D8A1-EDFC-3AC1-B6E3-02D97BB8861D}
	EndProjectSection
EndProject
Project("{8BC9CEB8-8B4A-11D0-8D11-00A0C91BC942}") = "decaf-generator-curve25519", "..\external\decaf\src\generator\curve25519\decaf-generator-curve25519.vcxproj", "{087602D4-DFD7-35C4-9C0D-EE8AE6A0496D}"
	ProjectSection(ProjectDependencies) = postProject
		{F070D8A1-EDFC-3AC1-B6E3-02D97BB8861D} = {F070D8A1-EDFC-3AC1-B6E3-02D97BB8861D}
		{2337AE41-09D0-3B6F-B0F9-A011AB5DD67B} = {2337AE41-09D0-3B6F-B0F9-A011AB5DD67B}
		{98CCD945-BEBF-3A78-8C63-D77749E81093} = {98CCD945-BEBF-3A78-8C63-D77749E81093}
	EndProjectSection
EndProject
Project("{8BC9CEB8-8B4A-11D0-8D11-00A0C91BC942}") = "decaf-generator-ed448goldilocks", "..\external\decaf\src\generator\ed448goldilocks\decaf-generator-ed448goldilocks.vcxproj", "{1F24A387-E4B5-37A5-B357-F12FA5C2075E}"
	ProjectSection(ProjectDependencies) = postProject
		{F070D8A1-EDFC-3AC1-B6E3-02D97BB8861D} = {F070D8A1-EDFC-3AC1-B6E3-02D97BB8861D}
		{1AFC673C-089E-32E8-8E36-21F317C4BEC4} = {1AFC673C-089E-32E8-8E36-21F317C4BEC4}
		{521DE435-C2EE-38A7-A0C1-3A4EF7C7E8DE} = {521DE435-C2EE-38A7-A0C1-3A4EF7C7E8DE}
	EndProjectSection
EndProject
Project("{8BC9CEB8-8B4A-11D0-8D11-00A0C91BC942}") = "decaf-generator-p25519", "..\external\decaf\src\generator\curve25519\decaf-generator-p25519.vcxproj", "{98CCD945-BEBF-3A78-8C63-D77749E81093}"
	ProjectSection(ProjectDependencies) = postProject
		{F070D8A1-EDFC-3AC1-B6E3-02D97BB8861D} = {F070D8A1-EDFC-3AC1-B6E3-02D97BB8861D}
		{733DCF5F-F941-39EE-819D-411AE32D6501} = {733DCF5F-F941-39EE-819D-411AE32D6501}
	EndProjectSection
EndProject
Project("{8BC9CEB8-8B4A-11D0-8D11-00A0C91BC942}") = "decaf-generator-p448", "..\external\decaf\src\generator\ed448goldilocks\decaf-generator-p448.vcxproj", "{521DE435-C2EE-38A7-A0C1-3A4EF7C7E8DE}"
	ProjectSection(ProjectDependencies) = postProject
		{F070D8A1-EDFC-3AC1-B6E3-02D97BB8861D} = {F070D8A1-EDFC-3AC1-B6E3-02D97BB8861D}
		{733DCF5F-F941-39EE-819D-411AE32D6501} = {733DCF5F-F941-39EE-819D-411AE32D6501}
	EndProjectSection
EndProject
Project("{8BC9CEB8-8B4A-11D0-8D11-00A0C91BC942}") = "decaf-p25519", "..\external\decaf\src\p25519\decaf-p25519.vcxproj", "{F8D134C2-6F2A-358D-88D9-686F40B26802}"
	ProjectSection(ProjectDependencies) = postProject
		{F070D8A1-EDFC-3AC1-B6E3-02D97BB8861D} = {F070D8A1-EDFC-3AC1-B6E3-02D97BB8861D}
		{98CCD945-BEBF-3A78-8C63-D77749E81093} = {98CCD945-BEBF-3A78-8C63-D77749E81093}
	EndProjectSection
EndProject
Project("{8BC9CEB8-8B4A-11D0-8D11-00A0C91BC942}") = "decaf-p448", "..\external\decaf\src\p448\decaf-p448.vcxproj", "{4D191922-993A-3C6C-BAE5-D93860FAE8F4}"
	ProjectSection(ProjectDependencies) = postProject
		{F070D8A1-EDFC-3AC1-B6E3-02D97BB8861D} = {F070D8A1-EDFC-3AC1-B6E3-02D97BB8861D}
		{521DE435-C2EE-38A7-A0C1-3A4EF7C7E8DE} = {521DE435-C2EE-38A7-A0C1-3A4EF7C7E8DE}
	EndProjectSection
EndProject
Project("{8BC9CEB8-8B4A-11D0-8D11-00A0C91BC942}") = "gsm", "..\external\gsm\gsm.vcxproj", "{55205285-9A88-34D4-8B62-904694626A37}"
	ProjectSection(ProjectDependencies) = postProject
		{F070D8A1-EDFC-3AC1-B6E3-02D97BB8861D} = {F070D8A1-EDFC-3AC1-B6E3-02D97BB8861D}
	EndProjectSection
EndProject
Project("{8BC9CEB8-8B4A-11D0-8D11-00A0C91BC942}") = "jpeg", "..\external\libjpeg-turbo\sharedlib\jpeg.vcxproj", "{7DA36424-08C0-3883-B613-44322CEC1F3A}"
	ProjectSection(ProjectDependencies) = postProject
		{F070D8A1-EDFC-3AC1-B6E3-02D97BB8861D} = {F070D8A1-EDFC-3AC1-B6E3-02D97BB8861D}
		{D43429ED-49C8-3F02-9FD3-2D1247E22C0D} = {D43429ED-49C8-3F02-9FD3-2D1247E22C0D}
		{42AA14D6-26D9-3B41-BD1B-FAD23887478B} = {42AA14D6-26D9-3B41-BD1B-FAD23887478B}
		{04AEA058-B851-3A63-AF24-C8F1321FAF93} = {04AEA058-B851-3A63-AF24-C8F1321FAF93}
	EndProjectSection
EndProject
Project("{8BC9CEB8-8B4A-11D0-8D11-00A0C91BC942}") = "jpeg12", "..\external\libjpeg-turbo\jpeg12.vcxproj", "{D43429ED-49C8-3F02-9FD3-2D1247E22C0D}"
	ProjectSection(ProjectDependencies) = postProject
		{F070D8A1-EDFC-3AC1-B6E3-02D97BB8861D} = {F070D8A1-EDFC-3AC1-B6E3-02D97BB8861D}
	EndProjectSection
EndProject
Project("{8BC9CEB8-8B4A-11D0-8D11-00A0C91BC942}") = "jpeg16", "..\external\libjpeg-turbo\jpeg16.vcxproj", "{42AA14D6-26D9-3B41-BD1B-FAD23887478B}"
	ProjectSection(ProjectDependencies) = postProject
		{F070D8A1-EDFC-3AC1-B6E3-02D97BB8861D} = {F070D8A1-EDFC-3AC1-B6E3-02D97BB8861D}
	EndProjectSection
EndProject
Project("{8BC9CEB8-8B4A-11D0-8D11-00A0C91BC942}") = "libaom", "..\\libaom.vcxproj", "{9753E6A2-13DD-3B6A-A97D-1ED75E8E691A}"
	ProjectSection(ProjectDependencies) = postProject
		{F070D8A1-EDFC-3AC1-B6E3-02D97BB8861D} = {F070D8A1-EDFC-3AC1-B6E3-02D97BB8861D}
	EndProjectSection
EndProject
Project("{8BC9CEB8-8B4A-11D0-8D11-00A0C91BC942}") = "mbedcrypto", "..\external\mbedtls\library\mbedcrypto.vcxproj", "{FB85BAC5-6A79-3947-B898-409228784062}"
	ProjectSection(ProjectDependencies) = postProject
		{F070D8A1-EDFC-3AC1-B6E3-02D97BB8861D} = {F070D8A1-EDFC-3AC1-B6E3-02D97BB8861D}
	EndProjectSection
EndProject
Project("{8BC9CEB8-8B4A-11D0-8D11-00A0C91BC942}") = "mbedtls", "..\external\mbedtls\library\mbedtls.vcxproj", "{3B999FFB-034D-371B-A224-569B34DFC2E1}"
	ProjectSection(ProjectDependencies) = postProject
		{F070D8A1-EDFC-3AC1-B6E3-02D97BB8861D} = {F070D8A1-EDFC-3AC1-B6E3-02D97BB8861D}
		{FB85BAC5-6A79-3947-B898-409228784062} = {FB85BAC5-6A79-3947-B898-409228784062}
		{B4371D07-5722-3BFF-A852-75A9B4658E9D} = {B4371D07-5722-3BFF-A852-75A9B4658E9D}
	EndProjectSection
EndProject
Project("{8BC9CEB8-8B4A-11D0-8D11-00A0C91BC942}") = "mbedx509", "..\external\mbedtls\library\mbedx509.vcxproj", "{B4371D07-5722-3BFF-A852-75A9B4658E9D}"
	ProjectSection(ProjectDependencies) = postProject
		{F070D8A1-EDFC-3AC1-B6E3-02D97BB8861D} = {F070D8A1-EDFC-3AC1-B6E3-02D97BB8861D}
		{FB85BAC5-6A79-3947-B898-409228784062} = {FB85BAC5-6A79-3947-B898-409228784062}
	EndProjectSection
EndProject
Project("{8BC9CEB8-8B4A-11D0-8D11-00A0C91BC942}") = "mediastreamer2", "..\mediastreamer2\src\mediastreamer2.vcxproj", "{9841668E-7709-3DB9-BD6D-C83CECB71D95}"
	ProjectSection(ProjectDependencies) = postProject
		{F070D8A1-EDFC-3AC1-B6E3-02D97BB8861D} = {F070D8A1-EDFC-3AC1-B6E3-02D97BB8861D}
		{C45EBDF6-BA54-3227-B957-396FE67712F4} = {C45EBDF6-BA54-3227-B957-396FE67712F4}
		{6B3DA815-5E7C-3D96-B13F-FB066008D48C} = {6B3DA815-5E7C-3D96-B13F-FB066008D48C}
		{42041097-DA5E-3164-92EF-D53230F313B1} = {42041097-DA5E-3164-92EF-D53230F313B1}
		{7C1AEBF8-078E-3288-9677-2E8648CEB2F7} = {7C1AEBF8-078E-3288-9677-2E8648CEB2F7}
		{B9C0B3FF-17CE-34AA-BEAF-78EC7D68C5AD} = {B9C0B3FF-17CE-34AA-BEAF-78EC7D68C5AD}
		{55205285-9A88-34D4-8B62-904694626A37} = {55205285-9A88-34D4-8B62-904694626A37}
		{7DA36424-08C0-3883-B613-44322CEC1F3A} = {7DA36424-08C0-3883-B613-44322CEC1F3A}
		{9753E6A2-13DD-3B6A-A97D-1ED75E8E691A} = {9753E6A2-13DD-3B6A-A97D-1ED75E8E691A}
		{FB85BAC5-6A79-3947-B898-409228784062} = {FB85BAC5-6A79-3947-B898-409228784062}
		{3B999FFB-034D-371B-A224-569B34DFC2E1} = {3B999FFB-034D-371B-A224-569B34DFC2E1}
		{B4371D07-5722-3BFF-A852-75A9B4658E9D} = {B4371D07-5722-3BFF-A852-75A9B4658E9D}
		{AE1A1045-853C-33E3-955C-329BDCCFE829} = {AE1A1045-853C-33E3-955C-329BDCCFE829}
		{931E51E5-BC36-3C57-B701-A9E2FB95595D} = {931E51E5-BC36-3C57-B701-A9E2FB95595D}
		{E0952A8A-35C1-324A-9403-0C1A1C105E5E} = {E0952A8A-35C1-324A-9403-0C1A1C105E5E}
		{40901984-4FA7-30E7-A657-A1F46EAC983D} = {40901984-4FA7-30E7-A657-A1F46EAC983D}
		{0722DE78-F4C6-3F6F-8C7A-199005E25B39} = {0722DE78-F4C6-3F6F-8C7A-199005E25B39}
		{876B6B73-B486-377B-91BA-C2837FCFB687} = {876B6B73-B486-377B-91BA-C2837FCFB687}
		{AEAC0F2E-A803-3CFA-9D1C-CEAB73E31F99} = {AEAC0F2E-A803-3CFA-9D1C-CEAB73E31F99}
		{4AE5150A-67BC-35BE-885C-965DC116D58A} = {4AE5150A-67BC-35BE-885C-965DC116D58A}
		{12317849-588F-348F-9D3C-DF3E7D6E569F} = {12317849-588F-348F-9D3C-DF3E7D6E569F}
		{67801425-3A97-397A-B95F-1B6A5BB8AD9B} = {67801425-3A97-397A-B95F-1B6A5BB8AD9B}
		{8BDF449F-0061-34F0-B3D4-28E86C035AE1} = {8BDF449F-0061-34F0-B3D4-28E86C035AE1}
		{B816A934-93F0-3962-8541-574ACA357AA6} = {B816A934-93F0-3962-8541-574ACA357AA6}
		{85DDF2BC-E56E-3251-85FD-BD440E0D0575} = {85DDF2BC-E56E-3251-85FD-BD440E0D0575}
		{D1BE32D7-442C-3764-9487-69664CFC2310} = {D1BE32D7-442C-3764-9487-69664CFC2310}
		{0604E17C-2E39-3692-8620-08F8A01AD2AD} = {0604E17C-2E39-3692-8620-08F8A01AD2AD}
		{76EBA0A6-B35B-30F7-A3BC-6105E3E74849} = {76EBA0A6-B35B-30F7-A3BC-6105E3E74849}
	EndProjectSection
EndProject
Project("{8BC9CEB8-8B4A-11D0-8D11-00A0C91BC942}") = "mediastreamer2-basedescs-header", "..\mediastreamer2\src\mediastreamer2-basedescs-header.vcxproj", "{AE1A1045-853C-33E3-955C-329BDCCFE829}"
	ProjectSection(ProjectDependencies) = postProject
		{F070D8A1-EDFC-3AC1-B6E3-02D97BB8861D} = {F070D8A1-EDFC-3AC1-B6E3-02D97BB8861D}
	EndProjectSection
EndProject
Project("{8BC9CEB8-8B4A-11D0-8D11-00A0C91BC942}") = "mediastreamer2-fragment-shader-header", "..\mediastreamer2\src\mediastreamer2-fragment-shader-header.vcxproj", "{931E51E5-BC36-3C57-B701-A9E2FB95595D}"
	ProjectSection(ProjectDependencies) = postProject
		{F070D8A1-EDFC-3AC1-B6E3-02D97BB8861D} = {F070D8A1-EDFC-3AC1-B6E3-02D97BB8861D}
	EndProjectSection
EndProject
Project("{8BC9CEB8-8B4A-11D0-8D11-00A0C91BC942}") = "mediastreamer2-git-version", "..\mediastreamer2\src\mediastreamer2-git-version.vcxproj", "{E0952A8A-35C1-324A-9403-0C1A1C105E5E}"
	ProjectSection(ProjectDependencies) = postProject
		{F070D8A1-EDFC-3AC1-B6E3-02D97BB8861D} = {F070D8A1-EDFC-3AC1-B6E3-02D97BB8861D}
	EndProjectSection
EndProject
Project("{8BC9CEB8-8B4A-11D0-8D11-00A0C91BC942}") = "mediastreamer2-vertex-shader-header", "..\mediastreamer2\src\mediastreamer2-vertex-shader-header.vcxproj", "{40901984-4FA7-30E7-A657-A1F46EAC983D}"
	ProjectSection(ProjectDependencies) = postProject
		{F070D8A1-EDFC-3AC1-B6E3-02D97BB8861D} = {F070D8A1-EDFC-3AC1-B6E3-02D97BB8861D}
	EndProjectSection
EndProject
Project("{8BC9CEB8-8B4A-11D0-8D11-00A0C91BC942}") = "mediastreamer2-voipdescs-header", "..\mediastreamer2\src\mediastreamer2-voipdescs-header.vcxproj", "{0722DE78-F4C6-3F6F-8C7A-199005E25B39}"
	ProjectSection(ProjectDependencies) = postProject
		{F070D8A1-EDFC-3AC1-B6E3-02D97BB8861D} = {F070D8A1-EDFC-3AC1-B6E3-02D97BB8861D}
	EndProjectSection
EndProject
Project("{8BC9CEB8-8B4A-11D0-8D11-00A0C91BC942}") = "mediastreamer2-yuv2rgb-fs-header", "..\mediastreamer2\src\mediastreamer2-yuv2rgb-fs-header.vcxproj", "{876B6B73-B486-377B-91BA-C2837FCFB687}"
	ProjectSection(ProjectDependencies) = postProject
		{F070D8A1-EDFC-3AC1-B6E3-02D97BB8861D} = {F070D8A1-EDFC-3AC1-B6E3-02D97BB8861D}
	EndProjectSection
EndProject
Project("{8BC9CEB8-8B4A-11D0-8D11-00A0C91BC942}") = "mediastreamer2-yuv2rgb-vs-header", "..\mediastreamer2\src\mediastreamer2-yuv2rgb-vs-header.vcxproj", "{AEAC0F2E-A803-3CFA-9D1C-CEAB73E31F99}"
	ProjectSection(ProjectDependencies) = postProject
		{F070D8A1-EDFC-3AC1-B6E3-02D97BB8861D} = {F070D8A1-EDFC-3AC1-B6E3-02D97BB8861D}
	EndProjectSection
EndProject
Project("{8BC9CEB8-8B4A-11D0-8D11-00A0C91BC942}") = "mswebrtc", "mswebrtc.vcxproj", "{6DE75EF3-DB0E-3247-911C-9F3E75A6FDD6}"
	ProjectSection(ProjectDependencies) = postProject
		{F070D8A1-EDFC-3AC1-B6E3-02D97BB8861D} = {F070D8A1-EDFC-3AC1-B6E3-02D97BB8861D}
		{6B3DA815-5E7C-3D96-B13F-FB066008D48C} = {6B3DA815-5E7C-3D96-B13F-FB066008D48C}
		{9841668E-7709-3DB9-BD6D-C83CECB71D95} = {9841668E-7709-3DB9-BD6D-C83CECB71D95}
		{12317849-588F-348F-9D3C-DF3E7D6E569F} = {12317849-588F-348F-9D3C-DF3E7D6E569F}
	EndProjectSection
EndProject
Project("{8BC9CEB8-8B4A-11D0-8D11-00A0C91BC942}") = "opus", "..\external\opus\opus.vcxproj", "{4AE5150A-67BC-35BE-885C-965DC116D58A}"
	ProjectSection(ProjectDependencies) = postProject
		{F070D8A1-EDFC-3AC1-B6E3-02D97BB8861D} = {F070D8A1-EDFC-3AC1-B6E3-02D97BB8861D}
	EndProjectSection
EndProject
Project("{8BC9CEB8-8B4A-11D0-8D11-00A0C91BC942}") = "ortp", "..\ortp\src\ortp.vcxproj", "{12317849-588F-348F-9D3C-DF3E7D6E569F}"
	ProjectSection(ProjectDependencies) = postProject
		{F070D8A1-EDFC-3AC1-B6E3-02D97BB8861D} = {F070D8A1-EDFC-3AC1-B6E3-02D97BB8861D}
		{6B3DA815-5E7C-3D96-B13F-FB066008D48C} = {6B3DA815-5E7C-3D96-B13F-FB066008D48C}
	EndProjectSection
EndProject
Project("{8BC9CEB8-8B4A-11D0-8D11-00A0C91BC942}") = "simd", "..\external\libjpeg-turbo\simd\simd.vcxproj", "{04AEA058-B851-3A63-AF24-C8F1321FAF93}"
	ProjectSection(ProjectDependencies) = postProject
		{F070D8A1-EDFC-3AC1-B6E3-02D97BB8861D} = {F070D8A1-EDFC-3AC1-B6E3-02D97BB8861D}
		{ADA53285-500F-3593-8BB1-66939FEF2AB6} = {ADA53285-500F-3593-8BB1-66939FEF2AB6}
	EndProjectSection
EndProject
Project("{8BC9CEB8-8B4A-11D0-8D11-00A0C91BC942}") = "simd-objs", "..\external\libjpeg-turbo\simd\simd-objs.vcxproj", "{ADA53285-500F-3593-8BB1-66939FEF2AB6}"
	ProjectSection(ProjectDependencies) = postProject
		{F070D8A1-EDFC-3AC1-B6E3-02D97BB8861D} = {F070D8A1-EDFC-3AC1-B6E3-02D97BB8861D}
	EndProjectSection
EndProject
Project("{8BC9CEB8-8B4A-11D0-8D11-00A0C91BC942}") = "speex", "..\external\speex\libspeex\speex.vcxproj", "{67801425-3A97-397A-B95F-1B6A5BB8AD9B}"
	ProjectSection(ProjectDependencies) = postProject
		{F070D8A1-EDFC-3AC1-B6E3-02D97BB8861D} = {F070D8A1-EDFC-3AC1-B6E3-02D97BB8861D}
	EndProjectSection
EndProject
Project("{8BC9CEB8-8B4A-11D0-8D11-00A0C91BC942}") = "speexdsp", "..\external\speex\libspeex\speexdsp.vcxproj", "{8BDF449F-0061-34F0-B3D4-28E86C035AE1}"
	ProjectSection(ProjectDependencies) = postProject
		{F070D8A1-EDFC-3AC1-B6E3-02D97BB8861D} = {F070D8A1-EDFC-3AC1-B6E3-02D97BB8861D}
	EndProjectSection
EndProject
Project("{8BC9CEB8-8B4A-11D0-8D11-00A0C91BC942}") = "sqlite3", "..\external\sqlite3\sqlite3.vcxproj", "{B816A934-93F0-3962-8541-574ACA357AA6}"
	ProjectSection(ProjectDependencies) = postProject
		{F070D8A1-EDFC-3AC1-B6E3-02D97BB8861D} = {F070D8A1-EDFC-3AC1-B6E3-02D97BB8861D}
	EndProjectSection
EndProject
Project("{8BC9CEB8-8B4A-11D0-8D11-00A0C91BC942}") = "srtp2", "..\external\srtp\srtp2.vcxproj", "{85DDF2BC-E56E-3251-85FD-BD440E0D0575}"
	ProjectSection(ProjectDependencies) = postProject
		{F070D8A1-EDFC-3AC1-B6E3-02D97BB8861D} = {F070D8A1-EDFC-3AC1-B6E3-02D97BB8861D}
		{FB85BAC5-6A79-3947-B898-409228784062} = {FB85BAC5-6A79-3947-B898-409228784062}
		{3B999FFB-034D-371B-A224-569B34DFC2E1} = {3B999FFB-034D-371B-A224-569B34DFC2E1}
		{B4371D07-5722-3BFF-A852-75A9B4658E9D} = {B4371D07-5722-3BFF-A852-75A9B4658E9D}
	EndProjectSection
EndProject
Project("{8BC9CEB8-8B4A-11D0-8D11-00A0C91BC942}") = "turbojpeg", "..\external\libjpeg-turbo\turbojpeg.vcxproj", "{D1BE32D7-442C-3764-9487-69664CFC2310}"
	ProjectSection(ProjectDependencies) = postProject
		{F070D8A1-EDFC-3AC1-B6E3-02D97BB8861D} = {F070D8A1-EDFC-3AC1-B6E3-02D97BB8861D}
		{7DA36424-08C0-3883-B613-44322CEC1F3A} = {7DA36424-08C0-3883-B613-44322CEC1F3A}
		{D43429ED-49C8-3F02-9FD3-2D1247E22C0D} = {D43429ED-49C8-3F02-9FD3-2D1247E22C0D}
		{42AA14D6-26D9-3B41-BD1B-FAD23887478B} = {42AA14D6-26D9-3B41-BD1B-FAD23887478B}
		{04AEA058-B851-3A63-AF24-C8F1321FAF93} = {04AEA058-B851-3A63-AF24-C8F1321FAF93}
		{D4BA8FCC-1D29-3197-B89D-1A039E9C66C3} = {D4BA8FCC-1D29-3197-B89D-1A039E9C66C3}
		{21553003-4E40-3876-B2F9-52DB361E1DDA} = {21553003-4E40-3876-B2F9-52DB361E1DDA}
	EndProjectSection
EndProject
Project("{8BC9CEB8-8B4A-11D0-8D11-00A0C91BC942}") = "turbojpeg12", "..\external\libjpeg-turbo\turbojpeg12.vcxproj", "{D4BA8FCC-1D29-3197-B89D-1A039E9C66C3}"
	ProjectSection(ProjectDependencies) = postProject
		{F070D8A1-EDFC-3AC1-B6E3-02D97BB8861D} = {F070D8A1-EDFC-3AC1-B6E3-02D97BB8861D}
	EndProjectSection
EndProject
Project("{8BC9CEB8-8B4A-11D0-8D11-00A0C91BC942}") = "turbojpeg16", "..\external\libjpeg-turbo\turbojpeg16.vcxproj", "{21553003-4E40-3876-B2F9-52DB361E1DDA}"
	ProjectSection(ProjectDependencies) = postProject
		{F070D8A1-EDFC-3AC1-B6E3-02D97BB8861D} = {F070D8A1-EDFC-3AC1-B6E3-02D97BB8861D}
	EndProjectSection
EndProject
Project("{8BC9CEB8-8B4A-11D0-8D11-00A0C91BC942}") = "vpx", "..\\vpx.vcxproj", "{0604E17C-2E39-3692-8620-08F8A01AD2AD}"
	ProjectSection(ProjectDependencies) = postProject
		{F070D8A1-EDFC-3AC1-B6E3-02D97BB8861D} = {F070D8A1-EDFC-3AC1-B6E3-02D97BB8861D}
	EndProjectSection
EndProject
Project("{8BC9CEB8-8B4A-11D0-8D11-00A0C91BC942}") = "yuv", "..\external\libyuv\yuv.vcxproj", "{76EBA0A6-B35B-30F7-A3BC-6105E3E74849}"
	ProjectSection(ProjectDependencies) = postProject
		{F070D8A1-EDFC-3AC1-B6E3-02D97BB8861D} = {F070D8A1-EDFC-3AC1-B6E3-02D97BB8861D}
		{7DA36424-08C0-3883-B613-44322CEC1F3A} = {7DA36424-08C0-3883-B613-44322CEC1F3A}
		{D1BE32D7-442C-3764-9487-69664CFC2310} = {D1BE32D7-442C-3764-9487-69664CFC2310}
	EndProjectSection
EndProject
Global
	GlobalSection(SolutionConfigurationPlatforms) = preSolution
		Debug|x64 = Debug|x64
		Release|x64 = Release|x64
		MinSizeRel|x64 = MinSizeRel|x64
		RelWithDebInfo|x64 = RelWithDebInfo|x64
	EndGlobalSection
	GlobalSection(ProjectConfigurationPlatforms) = postSolution
		{E8FF1EBA-85CD-34BE-AE85-4F2801638F9C}.Debug|x64.ActiveCfg = Debug|x64
		{E8FF1EBA-85CD-34BE-AE85-4F2801638F9C}.Debug|x64.Build.0 = Debug|x64
		{E8FF1EBA-85CD-34BE-AE85-4F2801638F9C}.Release|x64.ActiveCfg = Release|x64
		{E8FF1EBA-85CD-34BE-AE85-4F2801638F9C}.Release|x64.Build.0 = Release|x64
		{E8FF1EBA-85CD-34BE-AE85-4F2801638F9C}.MinSizeRel|x64.ActiveCfg = MinSizeRel|x64
		{E8FF1EBA-85CD-34BE-AE85-4F2801638F9C}.MinSizeRel|x64.Build.0 = MinSizeRel|x64
		{E8FF1EBA-85CD-34BE-AE85-4F2801638F9C}.RelWithDebInfo|x64.ActiveCfg = RelWithDebInfo|x64
		{E8FF1EBA-85CD-34BE-AE85-4F2801638F9C}.RelWithDebInfo|x64.Build.0 = RelWithDebInfo|x64
		{39F01287-523C-3D01-8927-C92BC815967D}.Debug|x64.ActiveCfg = Debug|x64
		{39F01287-523C-3D01-8927-C92BC815967D}.Release|x64.ActiveCfg = Release|x64
		{39F01287-523C-3D01-8927-C92BC815967D}.MinSizeRel|x64.ActiveCfg = MinSizeRel|x64
		{39F01287-523C-3D01-8927-C92BC815967D}.RelWithDebInfo|x64.ActiveCfg = RelWithDebInfo|x64
		{451BB594-09EB-358E-B2E0-229A1C3CD587}.Debug|x64.ActiveCfg = Debug|x64
		{451BB594-09EB-358E-B2E0-229A1C3CD587}.Release|x64.ActiveCfg = Release|x64
		{451BB594-09EB-358E-B2E0-229A1C3CD587}.MinSizeRel|x64.ActiveCfg = MinSizeRel|x64
		{451BB594-09EB-358E-B2E0-229A1C3CD587}.RelWithDebInfo|x64.ActiveCfg = RelWithDebInfo|x64
		{F070D8A1-EDFC-3AC1-B6E3-02D97BB8861D}.Debug|x64.ActiveCfg = Debug|x64
		{F070D8A1-EDFC-3AC1-B6E3-02D97BB8861D}.Debug|x64.Build.0 = Debug|x64
		{F070D8A1-EDFC-3AC1-B6E3-02D97BB8861D}.Release|x64.ActiveCfg = Release|x64
		{F070D8A1-EDFC-3AC1-B6E3-02D97BB8861D}.Release|x64.Build.0 = Release|x64
		{F070D8A1-EDFC-3AC1-B6E3-02D97BB8861D}.MinSizeRel|x64.ActiveCfg = MinSizeRel|x64
		{F070D8A1-EDFC-3AC1-B6E3-02D97BB8861D}.MinSizeRel|x64.Build.0 = MinSizeRel|x64
		{F070D8A1-EDFC-3AC1-B6E3-02D97BB8861D}.RelWithDebInfo|x64.ActiveCfg = RelWithDebInfo|x64
		{F070D8A1-EDFC-3AC1-B6E3-02D97BB8861D}.RelWithDebInfo|x64.Build.0 = RelWithDebInfo|x64
		{C45EBDF6-BA54-3227-B957-396FE67712F4}.Debug|x64.ActiveCfg = Debug|x64
		{C45EBDF6-BA54-3227-B957-396FE67712F4}.Debug|x64.Build.0 = Debug|x64
		{C45EBDF6-BA54-3227-B957-396FE67712F4}.Release|x64.ActiveCfg = Release|x64
		{C45EBDF6-BA54-3227-B957-396FE67712F4}.Release|x64.Build.0 = Release|x64
		{C45EBDF6-BA54-3227-B957-396FE67712F4}.MinSizeRel|x64.ActiveCfg = MinSizeRel|x64
		{C45EBDF6-BA54-3227-B957-396FE67712F4}.MinSizeRel|x64.Build.0 = MinSizeRel|x64
		{C45EBDF6-BA54-3227-B957-396FE67712F4}.RelWithDebInfo|x64.ActiveCfg = RelWithDebInfo|x64
		{C45EBDF6-BA54-3227-B957-396FE67712F4}.RelWithDebInfo|x64.Build.0 = RelWithDebInfo|x64
		{DDE62838-B91D-3924-AB1B-026C834D43E0}.Debug|x64.ActiveCfg = Debug|x64
		{DDE62838-B91D-3924-AB1B-026C834D43E0}.Debug|x64.Build.0 = Debug|x64
		{DDE62838-B91D-3924-AB1B-026C834D43E0}.Release|x64.ActiveCfg = Release|x64
		{DDE62838-B91D-3924-AB1B-026C834D43E0}.Release|x64.Build.0 = Release|x64
		{DDE62838-B91D-3924-AB1B-026C834D43E0}.MinSizeRel|x64.ActiveCfg = MinSizeRel|x64
		{DDE62838-B91D-3924-AB1B-026C834D43E0}.MinSizeRel|x64.Build.0 = MinSizeRel|x64
		{DDE62838-B91D-3924-AB1B-026C834D43E0}.RelWithDebInfo|x64.ActiveCfg = RelWithDebInfo|x64
		{DDE62838-B91D-3924-AB1B-026C834D43E0}.RelWithDebInfo|x64.Build.0 = RelWithDebInfo|x64
		{0DB2E1D9-53EA-3CC9-88B4-4F9AFC6832F2}.Debug|x64.ActiveCfg = Debug|x64
		{0DB2E1D9-53EA-3CC9-88B4-4F9AFC6832F2}.Debug|x64.Build.0 = Debug|x64
		{0DB2E1D9-53EA-3CC9-88B4-4F9AFC6832F2}.Release|x64.ActiveCfg = Release|x64
		{0DB2E1D9-53EA-3CC9-88B4-4F9AFC6832F2}.Release|x64.Build.0 = Release|x64
		{0DB2E1D9-53EA-3CC9-88B4-4F9AFC6832F2}.MinSizeRel|x64.ActiveCfg = MinSizeRel|x64
		{0DB2E1D9-53EA-3CC9-88B4-4F9AFC6832F2}.MinSizeRel|x64.Build.0 = MinSizeRel|x64
		{0DB2E1D9-53EA-3CC9-88B4-4F9AFC6832F2}.RelWithDebInfo|x64.ActiveCfg = RelWithDebInfo|x64
		{0DB2E1D9-53EA-3CC9-88B4-4F9AFC6832F2}.RelWithDebInfo|x64.Build.0 = RelWithDebInfo|x64
		{6B3DA815-5E7C-3D96-B13F-FB066008D48C}.Debug|x64.ActiveCfg = Debug|x64
		{6B3DA815-5E7C-3D96-B13F-FB066008D48C}.Debug|x64.Build.0 = Debug|x64
		{6B3DA815-5E7C-3D96-B13F-FB066008D48C}.Release|x64.ActiveCfg = Release|x64
		{6B3DA815-5E7C-3D96-B13F-FB066008D48C}.Release|x64.Build.0 = Release|x64
		{6B3DA815-5E7C-3D96-B13F-FB066008D48C}.MinSizeRel|x64.ActiveCfg = MinSizeRel|x64
		{6B3DA815-5E7C-3D96-B13F-FB066008D48C}.MinSizeRel|x64.Build.0 = MinSizeRel|x64
		{6B3DA815-5E7C-3D96-B13F-FB066008D48C}.RelWithDebInfo|x64.ActiveCfg = RelWithDebInfo|x64
		{6B3DA815-5E7C-3D96-B13F-FB066008D48C}.RelWithDebInfo|x64.Build.0 = RelWithDebInfo|x64
		{42041097-DA5E-3164-92EF-D53230F313B1}.Debug|x64.ActiveCfg = Debug|x64
		{42041097-DA5E-3164-92EF-D53230F313B1}.Debug|x64.Build.0 = Debug|x64
		{42041097-DA5E-3164-92EF-D53230F313B1}.Release|x64.ActiveCfg = Release|x64
		{42041097-DA5E-3164-92EF-D53230F313B1}.Release|x64.Build.0 = Release|x64
		{42041097-DA5E-3164-92EF-D53230F313B1}.MinSizeRel|x64.ActiveCfg = MinSizeRel|x64
		{42041097-DA5E-3164-92EF-D53230F313B1}.MinSizeRel|x64.Build.0 = MinSizeRel|x64
		{42041097-DA5E-3164-92EF-D53230F313B1}.RelWithDebInfo|x64.ActiveCfg = RelWithDebInfo|x64
		{42041097-DA5E-3164-92EF-D53230F313B1}.RelWithDebInfo|x64.Build.0 = RelWithDebInfo|x64
		{7C1AEBF8-078E-3288-9677-2E8648CEB2F7}.Debug|x64.ActiveCfg = Debug|x64
		{7C1AEBF8-078E-3288-9677-2E8648CEB2F7}.Debug|x64.Build.0 = Debug|x64
		{7C1AEBF8-078E-3288-9677-2E8648CEB2F7}.Release|x64.ActiveCfg = Release|x64
		{7C1AEBF8-078E-3288-9677-2E8648CEB2F7}.Release|x64.Build.0 = Release|x64
		{7C1AEBF8-078E-3288-9677-2E8648CEB2F7}.MinSizeRel|x64.ActiveCfg = MinSizeRel|x64
		{7C1AEBF8-078E-3288-9677-2E8648CEB2F7}.MinSizeRel|x64.Build.0 = MinSizeRel|x64
		{7C1AEBF8-078E-3288-9677-2E8648CEB2F7}.RelWithDebInfo|x64.ActiveCfg = RelWithDebInfo|x64
		{7C1AEBF8-078E-3288-9677-2E8648CEB2F7}.RelWithDebInfo|x64.Build.0 = RelWithDebInfo|x64
		{B9C0B3FF-17CE-34AA-BEAF-78EC7D68C5AD}.Debug|x64.ActiveCfg = Debug|x64
		{B9C0B3FF-17CE-34AA-BEAF-78EC7D68C5AD}.Debug|x64.Build.0 = Debug|x64
		{B9C0B3FF-17CE-34AA-BEAF-78EC7D68C5AD}.Release|x64.ActiveCfg = Release|x64
		{B9C0B3FF-17CE-34AA-BEAF-78EC7D68C5AD}.Release|x64.Build.0 = Release|x64
		{B9C0B3FF-17CE-34AA-BEAF-78EC7D68C5AD}.MinSizeRel|x64.ActiveCfg = MinSizeRel|x64
		{B9C0B3FF-17CE-34AA-BEAF-78EC7D68C5AD}.MinSizeRel|x64.Build.0 = MinSizeRel|x64
		{B9C0B3FF-17CE-34AA-BEAF-78EC7D68C5AD}.RelWithDebInfo|x64.ActiveCfg = RelWithDebInfo|x64
		{B9C0B3FF-17CE-34AA-BEAF-78EC7D68C5AD}.RelWithDebInfo|x64.Build.0 = RelWithDebInfo|x64
		{920CA5E9-B14E-387A-A91C-941E62D336AF}.Debug|x64.ActiveCfg = Debug|x64
		{920CA5E9-B14E-387A-A91C-941E62D336AF}.Debug|x64.Build.0 = Debug|x64
		{920CA5E9-B14E-387A-A91C-941E62D336AF}.Release|x64.ActiveCfg = Release|x64
		{920CA5E9-B14E-387A-A91C-941E62D336AF}.Release|x64.Build.0 = Release|x64
		{920CA5E9-B14E-387A-A91C-941E62D336AF}.MinSizeRel|x64.ActiveCfg = MinSizeRel|x64
		{920CA5E9-B14E-387A-A91C-941E62D336AF}.MinSizeRel|x64.Build.0 = MinSizeRel|x64
		{920CA5E9-B14E-387A-A91C-941E62D336AF}.RelWithDebInfo|x64.ActiveCfg = RelWithDebInfo|x64
		{920CA5E9-B14E-387A-A91C-941E62D336AF}.RelWithDebInfo|x64.Build.0 = RelWithDebInfo|x64
		{717376C3-8C3C-3CF8-B49B-38030826A0BB}.Debug|x64.ActiveCfg = Debug|x64
		{717376C3-8C3C-3CF8-B49B-38030826A0BB}.Debug|x64.Build.0 = Debug|x64
		{717376C3-8C3C-3CF8-B49B-38030826A0BB}.Release|x64.ActiveCfg = Release|x64
		{717376C3-8C3C-3CF8-B49B-38030826A0BB}.Release|x64.Build.0 = Release|x64
		{717376C3-8C3C-3CF8-B49B-38030826A0BB}.MinSizeRel|x64.ActiveCfg = MinSizeRel|x64
		{717376C3-8C3C-3CF8-B49B-38030826A0BB}.MinSizeRel|x64.Build.0 = MinSizeRel|x64
		{717376C3-8C3C-3CF8-B49B-38030826A0BB}.RelWithDebInfo|x64.ActiveCfg = RelWithDebInfo|x64
		{717376C3-8C3C-3CF8-B49B-38030826A0BB}.RelWithDebInfo|x64.Build.0 = RelWithDebInfo|x64
		{85A3FB17-70F0-3FC1-A491-185513593707}.Debug|x64.ActiveCfg = Debug|x64
		{85A3FB17-70F0-3FC1-A491-185513593707}.Debug|x64.Build.0 = Debug|x64
		{85A3FB17-70F0-3FC1-A491-185513593707}.Release|x64.ActiveCfg = Release|x64
		{85A3FB17-70F0-3FC1-A491-185513593707}.Release|x64.Build.0 = Release|x64
		{85A3FB17-70F0-3FC1-A491-185513593707}.MinSizeRel|x64.ActiveCfg = MinSizeRel|x64
		{85A3FB17-70F0-3FC1-A491-185513593707}.MinSizeRel|x64.Build.0 = MinSizeRel|x64
		{85A3FB17-70F0-3FC1-A491-185513593707}.RelWithDebInfo|x64.ActiveCfg = RelWithDebInfo|x64
		{85A3FB17-70F0-3FC1-A491-185513593707}.RelWithDebInfo|x64.Build.0 = RelWithDebInfo|x64
		{2337AE41-09D0-3B6F-B0F9-A011AB5DD67B}.Debug|x64.ActiveCfg = Debug|x64
		{2337AE41-09D0-3B6F-B0F9-A011AB5DD67B}.Debug|x64.Build.0 = Debug|x64
		{2337AE41-09D0-3B6F-B0F9-A011AB5DD67B}.Release|x64.ActiveCfg = Release|x64
		{2337AE41-09D0-3B6F-B0F9-A011AB5DD67B}.Release|x64.Build.0 = Release|x64
		{2337AE41-09D0-3B6F-B0F9-A011AB5DD67B}.MinSizeRel|x64.ActiveCfg = MinSizeRel|x64
		{2337AE41-09D0-3B6F-B0F9-A011AB5DD67B}.MinSizeRel|x64.Build.0 = MinSizeRel|x64
		{2337AE41-09D0-3B6F-B0F9-A011AB5DD67B}.RelWithDebInfo|x64.ActiveCfg = RelWithDebInfo|x64
		{2337AE41-09D0-3B6F-B0F9-A011AB5DD67B}.RelWithDebInfo|x64.Build.0 = RelWithDebInfo|x64
		{1AFC673C-089E-32E8-8E36-21F317C4BEC4}.Debug|x64.ActiveCfg = Debug|x64
		{1AFC673C-089E-32E8-8E36-21F317C4BEC4}.Debug|x64.Build.0 = Debug|x64
		{1AFC673C-089E-32E8-8E36-21F317C4BEC4}.Release|x64.ActiveCfg = Release|x64
		{1AFC673C-089E-32E8-8E36-21F317C4BEC4}.Release|x64.Build.0 = Release|x64
		{1AFC673C-089E-32E8-8E36-21F317C4BEC4}.MinSizeRel|x64.ActiveCfg = MinSizeRel|x64
		{1AFC673C-089E-32E8-8E36-21F317C4BEC4}.MinSizeRel|x64.Build.0 = MinSizeRel|x64
		{1AFC673C-089E-32E8-8E36-21F317C4BEC4}.RelWithDebInfo|x64.ActiveCfg = RelWithDebInfo|x64
		{1AFC673C-089E-32E8-8E36-21F317C4BEC4}.RelWithDebInfo|x64.Build.0 = RelWithDebInfo|x64
		{99F9DD74-A561-3085-AE5D-46DBF4B71348}.Debug|x64.ActiveCfg = Debug|x64
		{99F9DD74-A561-3085-AE5D-46DBF4B71348}.Debug|x64.Build.0 = Debug|x64
		{99F9DD74-A561-3085-AE5D-46DBF4B71348}.Release|x64.ActiveCfg = Release|x64
		{99F9DD74-A561-3085-AE5D-46DBF4B71348}.Release|x64.Build.0 = Release|x64
		{99F9DD74-A561-3085-AE5D-46DBF4B71348}.MinSizeRel|x64.ActiveCfg = MinSizeRel|x64
		{99F9DD74-A561-3085-AE5D-46DBF4B71348}.MinSizeRel|x64.Build.0 = MinSizeRel|x64
		{99F9DD74-A561-3085-AE5D-46DBF4B71348}.RelWithDebInfo|x64.ActiveCfg = RelWithDebInfo|x64
		{99F9DD74-A561-3085-AE5D-46DBF4B71348}.RelWithDebInfo|x64.Build.0 = RelWithDebInfo|x64
		{733DCF5F-F941-39EE-819D-411AE32D6501}.Debug|x64.ActiveCfg = Debug|x64
		{733DCF5F-F941-39EE-819D-411AE32D6501}.Debug|x64.Build.0 = Debug|x64
		{733DCF5F-F941-39EE-819D-411AE32D6501}.Release|x64.ActiveCfg = Release|x64
		{733DCF5F-F941-39EE-819D-411AE32D6501}.Release|x64.Build.0 = Release|x64
		{733DCF5F-F941-39EE-819D-411AE32D6501}.MinSizeRel|x64.ActiveCfg = MinSizeRel|x64
		{733DCF5F-F941-39EE-819D-411AE32D6501}.MinSizeRel|x64.Build.0 = MinSizeRel|x64
		{733DCF5F-F941-39EE-819D-411AE32D6501}.RelWithDebInfo|x64.ActiveCfg = RelWithDebInfo|x64
		{733DCF5F-F941-39EE-819D-411AE32D6501}.RelWithDebInfo|x64.Build.0 = RelWithDebInfo|x64
		{087602D4-DFD7-35C4-9C0D-EE8AE6A0496D}.Debug|x64.ActiveCfg = Debug|x64
		{087602D4-DFD7-35C4-9C0D-EE8AE6A0496D}.Debug|x64.Build.0 = Debug|x64
		{087602D4-DFD7-35C4-9C0D-EE8AE6A0496D}.Release|x64.ActiveCfg = Release|x64
		{087602D4-DFD7-35C4-9C0D-EE8AE6A0496D}.Release|x64.Build.0 = Release|x64
		{087602D4-DFD7-35C4-9C0D-EE8AE6A0496D}.MinSizeRel|x64.ActiveCfg = MinSizeRel|x64
		{087602D4-DFD7-35C4-9C0D-EE8AE6A0496D}.MinSizeRel|x64.Build.0 = MinSizeRel|x64
		{087602D4-DFD7-35C4-9C0D-EE8AE6A0496D}.RelWithDebInfo|x64.ActiveCfg = RelWithDebInfo|x64
		{087602D4-DFD7-35C4-9C0D-EE8AE6A0496D}.RelWithDebInfo|x64.Build.0 = RelWithDebInfo|x64
		{1F24A387-E4B5-37A5-B357-F12FA5C2075E}.Debug|x64.ActiveCfg = Debug|x64
		{1F24A387-E4B5-37A5-B357-F12FA5C2075E}.Debug|x64.Build.0 = Debug|x64
		{1F24A387-E4B5-37A5-B357-F12FA5C2075E}.Release|x64.ActiveCfg = Release|x64
		{1F24A387-E4B5-37A5-B357-F12FA5C2075E}.Release|x64.Build.0 = Release|x64
		{1F24A387-E4B5-37A5-B357-F12FA5C2075E}.MinSizeRel|x64.ActiveCfg = MinSizeRel|x64
		{1F24A387-E4B5-37A5-B357-F12FA5C2075E}.MinSizeRel|x64.Build.0 = MinSizeRel|x64
		{1F24A387-E4B5-37A5-B357-F12FA5C2075E}.RelWithDebInfo|x64.ActiveCfg = RelWithDebInfo|x64
		{1F24A387-E4B5-37A5-B357-F12FA5C2075E}.RelWithDebInfo|x64.Build.0 = RelWithDebInfo|x64
		{98CCD945-BEBF-3A78-8C63-D77749E81093}.Debug|x64.ActiveCfg = Debug|x64
		{98CCD945-BEBF-3A78-8C63-D77749E81093}.Debug|x64.Build.0 = Debug|x64
		{98CCD945-BEBF-3A78-8C63-D77749E81093}.Release|x64.ActiveCfg = Release|x64
		{98CCD945-BEBF-3A78-8C63-D77749E81093}.Release|x64.Build.0 = Release|x64
		{98CCD945-BEBF-3A78-8C63-D77749E81093}.MinSizeRel|x64.ActiveCfg = MinSizeRel|x64
		{98CCD945-BEBF-3A78-8C63-D77749E81093}.MinSizeRel|x64.Build.0 = MinSizeRel|x64
		{98CCD945-BEBF-3A78-8C63-D77749E81093}.RelWithDebInfo|x64.ActiveCfg = RelWithDebInfo|x64
		{98CCD945-BEBF-3A78-8C63-D77749E81093}.RelWithDebInfo|x64.Build.0 = RelWithDebInfo|x64
		{521DE435-C2EE-38A7-A0C1-3A4EF7C7E8DE}.Debug|x64.ActiveCfg = Debug|x64
		{521DE435-C2EE-38A7-A0C1-3A4EF7C7E8DE}.Debug|x64.Build.0 = Debug|x64
		{521DE435-C2EE-38A7-A0C1-3A4EF7C7E8DE}.Release|x64.ActiveCfg = Release|x64
		{521DE435-C2EE-38A7-A0C1-3A4EF7C7E8DE}.Release|x64.Build.0 = Release|x64
		{521DE435-C2EE-38A7-A0C1-3A4EF7C7E8DE}.MinSizeRel|x64.ActiveCfg = MinSizeRel|x64
		{521DE435-C2EE-38A7-A0C1-3A4EF7C7E8DE}.MinSizeRel|x64.Build.0 = MinSizeRel|x64
		{521DE435-C2EE-38A7-A0C1-3A4EF7C7E8DE}.RelWithDebInfo|x64.ActiveCfg = RelWithDebInfo|x64
		{521DE435-C2EE-38A7-A0C1-3A4EF7C7E8DE}.RelWithDebInfo|x64.Build.0 = RelWithDebInfo|x64
		{F8D134C2-6F2A-358D-88D9-686F40B26802}.Debug|x64.ActiveCfg = Debug|x64
		{F8D134C2-6F2A-358D-88D9-686F40B26802}.Debug|x64.Build.0 = Debug|x64
		{F8D134C2-6F2A-358D-88D9-686F40B26802}.Release|x64.ActiveCfg = Release|x64
		{F8D134C2-6F2A-358D-88D9-686F40B26802}.Release|x64.Build.0 = Release|x64
		{F8D134C2-6F2A-358D-88D9-686F40B26802}.MinSizeRel|x64.ActiveCfg = MinSizeRel|x64
		{F8D134C2-6F2A-358D-88D9-686F40B26802}.MinSizeRel|x64.Build.0 = MinSizeRel|x64
		{F8D134C2-6F2A-358D-88D9-686F40B26802}.RelWithDebInfo|x64.ActiveCfg = RelWithDebInfo|x64
		{F8D134C2-6F2A-358D-88D9-686F40B26802}.RelWithDebInfo|x64.Build.0 = RelWithDebInfo|x64
		{4D191922-993A-3C6C-BAE5-D93860FAE8F4}.Debug|x64.ActiveCfg = Debug|x64
		{4D191922-993A-3C6C-BAE5-D93860FAE8F4}.Debug|x64.Build.0 = Debug|x64
		{4D191922-993A-3C6C-BAE5-D93860FAE8F4}.Release|x64.ActiveCfg = Release|x64
		{4D191922-993A-3C6C-BAE5-D93860FAE8F4}.Release|x64.Build.0 = Release|x64
		{4D191922-993A-3C6C-BAE5-D93860FAE8F4}.MinSizeRel|x64.ActiveCfg = MinSizeRel|x64
		{4D191922-993A-3C6C-BAE5-D93860FAE8F4}.MinSizeRel|x64.Build.0 = MinSizeRel|x64
		{4D191922-993A-3C6C-BAE5-D93860FAE8F4}.RelWithDebInfo|x64.ActiveCfg = RelWithDebInfo|x64
		{4D191922-993A-3C6C-BAE5-D93860FAE8F4}.RelWithDebInfo|x64.Build.0 = RelWithDebInfo|x64
		{55205285-9A88-34D4-8B62-904694626A37}.Debug|x64.ActiveCfg = Debug|x64
		{55205285-9A88-34D4-8B62-904694626A37}.Debug|x64.Build.0 = Debug|x64
		{55205285-9A88-34D4-8B62-904694626A37}.Release|x64.ActiveCfg = Release|x64
		{55205285-9A88-34D4-8B62-904694626A37}.Release|x64.Build.0 = Release|x64
		{55205285-9A88-34D4-8B62-904694626A37}.MinSizeRel|x64.ActiveCfg = MinSizeRel|x64
		{55205285-9A88-34D4-8B62-904694626A37}.MinSizeRel|x64.Build.0 = MinSizeRel|x64
		{55205285-9A88-34D4-8B62-904694626A37}.RelWithDebInfo|x64.ActiveCfg = RelWithDebInfo|x64
		{55205285-9A88-34D4-8B62-904694626A37}.RelWithDebInfo|x64.Build.0 = RelWithDebInfo|x64
		{7DA36424-08C0-3883-B613-44322CEC1F3A}.Debug|x64.ActiveCfg = Debug|x64
		{7DA36424-08C0-3883-B613-44322CEC1F3A}.Debug|x64.Build.0 = Debug|x64
		{7DA36424-08C0-3883-B613-44322CEC1F3A}.Release|x64.ActiveCfg = Release|x64
		{7DA36424-08C0-3883-B613-44322CEC1F3A}.Release|x64.Build.0 = Release|x64
		{7DA36424-08C0-3883-B613-44322CEC1F3A}.MinSizeRel|x64.ActiveCfg = MinSizeRel|x64
		{7DA36424-08C0-3883-B613-44322CEC1F3A}.MinSizeRel|x64.Build.0 = MinSizeRel|x64
		{7DA36424-08C0-3883-B613-44322CEC1F3A}.RelWithDebInfo|x64.ActiveCfg = RelWithDebInfo|x64
		{7DA36424-08C0-3883-B613-44322CEC1F3A}.RelWithDebInfo|x64.Build.0 = RelWithDebInfo|x64
		{D43429ED-49C8-3F02-9FD3-2D1247E22C0D}.Debug|x64.ActiveCfg = Debug|x64
		{D43429ED-49C8-3F02-9FD3-2D1247E22C0D}.Debug|x64.Build.0 = Debug|x64
		{D43429ED-49C8-3F02-9FD3-2D1247E22C0D}.Release|x64.ActiveCfg = Release|x64
		{D43429ED-49C8-3F02-9FD3-2D1247E22C0D}.Release|x64.Build.0 = Release|x64
		{D43429ED-49C8-3F02-9FD3-2D1247E22C0D}.MinSizeRel|x64.ActiveCfg = MinSizeRel|x64
		{D43429ED-49C8-3F02-9FD3-2D1247E22C0D}.MinSizeRel|x64.Build.0 = MinSizeRel|x64
		{D43429ED-49C8-3F02-9FD3-2D1247E22C0D}.RelWithDebInfo|x64.ActiveCfg = RelWithDebInfo|x64
		{D43429ED-49C8-3F02-9FD3-2D1247E22C0D}.RelWithDebInfo|x64.Build.0 = RelWithDebInfo|x64
		{42AA14D6-26D9-3B41-BD1B-FAD23887478B}.Debug|x64.ActiveCfg = Debug|x64
		{42AA14D6-26D9-3B41-BD1B-FAD23887478B}.Debug|x64.Build.0 = Debug|x64
		{42AA14D6-26D9-3B41-BD1B-FAD23887478B}.Release|x64.ActiveCfg = Release|x64
		{42AA14D6-26D9-3B41-BD1B-FAD23887478B}.Release|x64.Build.0 = Release|x64
		{42AA14D6-26D9-3B41-BD1B-FAD23887478B}.MinSizeRel|x64.ActiveCfg = MinSizeRel|x64
		{42AA14D6-26D9-3B41-BD1B-FAD23887478B}.MinSizeRel|x64.Build.0 = MinSizeRel|x64
		{42AA14D6-26D9-3B41-BD1B-FAD23887478B}.RelWithDebInfo|x64.ActiveCfg = RelWithDebInfo|x64
		{42AA14D6-26D9-3B41-BD1B-FAD23887478B}.RelWithDebInfo|x64.Build.0 = RelWithDebInfo|x64
		{9753E6A2-13DD-3B6A-A97D-1ED75E8E691A}.Debug|x64.ActiveCfg = Debug|x64
		{9753E6A2-13DD-3B6A-A97D-1ED75E8E691A}.Debug|x64.Build.0 = Debug|x64
		{9753E6A2-13DD-3B6A-A97D-1ED75E8E691A}.Release|x64.ActiveCfg = Release|x64
		{9753E6A2-13DD-3B6A-A97D-1ED75E8E691A}.Release|x64.Build.0 = Release|x64
		{9753E6A2-13DD-3B6A-A97D-1ED75E8E691A}.MinSizeRel|x64.ActiveCfg = MinSizeRel|x64
		{9753E6A2-13DD-3B6A-A97D-1ED75E8E691A}.MinSizeRel|x64.Build.0 = MinSizeRel|x64
		{9753E6A2-13DD-3B6A-A97D-1ED75E8E691A}.RelWithDebInfo|x64.ActiveCfg = RelWithDebInfo|x64
		{9753E6A2-13DD-3B6A-A97D-1ED75E8E691A}.RelWithDebInfo|x64.Build.0 = RelWithDebInfo|x64
		{FB85BAC5-6A79-3947-B898-409228784062}.Debug|x64.ActiveCfg = Debug|x64
		{FB85BAC5-6A79-3947-B898-409228784062}.Debug|x64.Build.0 = Debug|x64
		{FB85BAC5-6A79-3947-B898-409228784062}.Release|x64.ActiveCfg = Release|x64
		{FB85BAC5-6A79-3947-B898-409228784062}.Release|x64.Build.0 = Release|x64
		{FB85BAC5-6A79-3947-B898-409228784062}.MinSizeRel|x64.ActiveCfg = MinSizeRel|x64
		{FB85BAC5-6A79-3947-B898-409228784062}.MinSizeRel|x64.Build.0 = MinSizeRel|x64
		{FB85BAC5-6A79-3947-B898-409228784062}.RelWithDebInfo|x64.ActiveCfg = RelWithDebInfo|x64
		{FB85BAC5-6A79-3947-B898-409228784062}.RelWithDebInfo|x64.Build.0 = RelWithDebInfo|x64
		{3B999FFB-034D-371B-A224-569B34DFC2E1}.Debug|x64.ActiveCfg = Debug|x64
		{3B999FFB-034D-371B-A224-569B34DFC2E1}.Debug|x64.Build.0 = Debug|x64
		{3B999FFB-034D-371B-A224-569B34DFC2E1}.Release|x64.ActiveCfg = Release|x64
		{3B999FFB-034D-371B-A224-569B34DFC2E1}.Release|x64.Build.0 = Release|x64
		{3B999FFB-034D-371B-A224-569B34DFC2E1}.MinSizeRel|x64.ActiveCfg = MinSizeRel|x64
		{3B999FFB-034D-371B-A224-569B34DFC2E1}.MinSizeRel|x64.Build.0 = MinSizeRel|x64
		{3B999FFB-034D-371B-A224-569B34DFC2E1}.RelWithDebInfo|x64.ActiveCfg = RelWithDebInfo|x64
		{3B999FFB-034D-371B-A224-569B34DFC2E1}.RelWithDebInfo|x64.Build.0 = RelWithDebInfo|x64
		{B4371D07-5722-3BFF-A852-75A9B4658E9D}.Debug|x64.ActiveCfg = Debug|x64
		{B4371D07-5722-3BFF-A852-75A9B4658E9D}.Debug|x64.Build.0 = Debug|x64
		{B4371D07-5722-3BFF-A852-75A9B4658E9D}.Release|x64.ActiveCfg = Release|x64
		{B4371D07-5722-3BFF-A852-75A9B4658E9D}.Release|x64.Build.0 = Release|x64
		{B4371D07-5722-3BFF-A852-75A9B4658E9D}.MinSizeRel|x64.ActiveCfg = MinSizeRel|x64
		{B4371D07-5722-3BFF-A852-75A9B4658E9D}.MinSizeRel|x64.Build.0 = MinSizeRel|x64
		{B4371D07-5722-3BFF-A852-75A9B4658E9D}.RelWithDebInfo|x64.ActiveCfg = RelWithDebInfo|x64
		{B4371D07-5722-3BFF-A852-75A9B4658E9D}.RelWithDebInfo|x64.Build.0 = RelWithDebInfo|x64
		{9841668E-7709-3DB9-BD6D-C83CECB71D95}.Debug|x64.ActiveCfg = Debug|x64
		{9841668E-7709-3DB9-BD6D-C83CECB71D95}.Debug|x64.Build.0 = Debug|x64
		{9841668E-7709-3DB9-BD6D-C83CECB71D95}.Release|x64.ActiveCfg = Release|x64
		{9841668E-7709-3DB9-BD6D-C83CECB71D95}.Release|x64.Build.0 = Release|x64
		{9841668E-7709-3DB9-BD6D-C83CECB71D95}.MinSizeRel|x64.ActiveCfg = MinSizeRel|x64
		{9841668E-7709-3DB9-BD6D-C83CECB71D95}.MinSizeRel|x64.Build.0 = MinSizeRel|x64
		{9841668E-7709-3DB9-BD6D-C83CECB71D95}.RelWithDebInfo|x64.ActiveCfg = RelWithDebInfo|x64
		{9841668E-7709-3DB9-BD6D-C83CECB71D95}.RelWithDebInfo|x64.Build.0 = RelWithDebInfo|x64
		{AE1A1045-853C-33E3-955C-329BDCCFE829}.Debug|x64.ActiveCfg = Debug|x64
		{AE1A1045-853C-33E3-955C-329BDCCFE829}.Debug|x64.Build.0 = Debug|x64
		{AE1A1045-853C-33E3-955C-329BDCCFE829}.Release|x64.ActiveCfg = Release|x64
		{AE1A1045-853C-33E3-955C-329BDCCFE829}.Release|x64.Build.0 = Release|x64
		{AE1A1045-853C-33E3-955C-329BDCCFE829}.MinSizeRel|x64.ActiveCfg = MinSizeRel|x64
		{AE1A1045-853C-33E3-955C-329BDCCFE829}.MinSizeRel|x64.Build.0 = MinSizeRel|x64
		{AE1A1045-853C-33E3-955C-329BDCCFE829}.RelWithDebInfo|x64.ActiveCfg = RelWithDebInfo|x64
		{AE1A1045-853C-33E3-955C-329BDCCFE829}.RelWithDebInfo|x64.Build.0 = RelWithDebInfo|x64
		{931E51E5-BC36-3C57-B701-A9E2FB95595D}.Debug|x64.ActiveCfg = Debug|x64
		{931E51E5-BC36-3C57-B701-A9E2FB95595D}.Debug|x64.Build.0 = Debug|x64
		{931E51E5-BC36-3C57-B701-A9E2FB95595D}.Release|x64.ActiveCfg = Release|x64
		{931E51E5-BC36-3C57-B701-A9E2FB95595D}.Release|x64.Build.0 = Release|x64
		{931E51E5-BC36-3C57-B701-A9E2FB95595D}.MinSizeRel|x64.ActiveCfg = MinSizeRel|x64
		{931E51E5-BC36-3C57-B701-A9E2FB95595D}.MinSizeRel|x64.Build.0 = MinSizeRel|x64
		{931E51E5-BC36-3C57-B701-A9E2FB95595D}.RelWithDebInfo|x64.ActiveCfg = RelWithDebInfo|x64
		{931E51E5-BC36-3C57-B701-A9E2FB95595D}.RelWithDebInfo|x64.Build.0 = RelWithDebInfo|x64
		{E0952A8A-35C1-324A-9403-0C1A1C105E5E}.Debug|x64.ActiveCfg = Debug|x64
		{E0952A8A-35C1-324A-9403-0C1A1C105E5E}.Debug|x64.Build.0 = Debug|x64
		{E0952A8A-35C1-324A-9403-0C1A1C105E5E}.Release|x64.ActiveCfg = Release|x64
		{E0952A8A-35C1-324A-9403-0C1A1C105E5E}.Release|x64.Build.0 = Release|x64
		{E0952A8A-35C1-324A-9403-0C1A1C105E5E}.MinSizeRel|x64.ActiveCfg = MinSizeRel|x64
		{E0952A8A-35C1-324A-9403-0C1A1C105E5E}.MinSizeRel|x64.Build.0 = MinSizeRel|x64
		{E0952A8A-35C1-324A-9403-0C1A1C105E5E}.RelWithDebInfo|x64.ActiveCfg = RelWithDebInfo|x64
		{E0952A8A-35C1-324A-9403-0C1A1C105E5E}.RelWithDebInfo|x64.Build.0 = RelWithDebInfo|x64
		{40901984-4FA7-30E7-A657-A1F46EAC983D}.Debug|x64.ActiveCfg = Debug|x64
		{40901984-4FA7-30E7-A657-A1F46EAC983D}.Debug|x64.Build.0 = Debug|x64
		{40901984-4FA7-30E7-A657-A1F46EAC983D}.Release|x64.ActiveCfg = Release|x64
		{40901984-4FA7-30E7-A657-A1F46EAC983D}.Release|x64.Build.0 = Release|x64
		{40901984-4FA7-30E7-A657-A1F46EAC983D}.MinSizeRel|x64.ActiveCfg = MinSizeRel|x64
		{40901984-4FA7-30E7-A657-A1F46EAC983D}.MinSizeRel|x64.Build.0 = MinSizeRel|x64
		{40901984-4FA7-30E7-A657-A1F46EAC983D}.RelWithDebInfo|x64.ActiveCfg = RelWithDebInfo|x64
		{40901984-4FA7-30E7-A657-A1F46EAC983D}.RelWithDebInfo|x64.Build.0 = RelWithDebInfo|x64
		{0722DE78-F4C6-3F6F-8C7A-199005E25B39}.Debug|x64.ActiveCfg = Debug|x64
		{0722DE78-F4C6-3F6F-8C7A-199005E25B39}.Debug|x64.Build.0 = Debug|x64
		{0722DE78-F4C6-3F6F-8C7A-199005E25B39}.Release|x64.ActiveCfg = Release|x64
		{0722DE78-F4C6-3F6F-8C7A-199005E25B39}.Release|x64.Build.0 = Release|x64
		{0722DE78-F4C6-3F6F-8C7A-199005E25B39}.MinSizeRel|x64.ActiveCfg = MinSizeRel|x64
		{0722DE78-F4C6-3F6F-8C7A-199005E25B39}.MinSizeRel|x64.Build.0 = MinSizeRel|x64
		{0722DE78-F4C6-3F6F-8C7A-199005E25B39}.RelWithDebInfo|x64.ActiveCfg = RelWithDebInfo|x64
		{0722DE78-F4C6-3F6F-8C7A-199005E25B39}.RelWithDebInfo|x64.Build.0 = RelWithDebInfo|x64
		{876B6B73-B486-377B-91BA-C2837FCFB687}.Debug|x64.ActiveCfg = Debug|x64
		{876B6B73-B486-377B-91BA-C2837FCFB687}.Debug|x64.Build.0 = Debug|x64
		{876B6B73-B486-377B-91BA-C2837FCFB687}.Release|x64.ActiveCfg = Release|x64
		{876B6B73-B486-377B-91BA-C2837FCFB687}.Release|x64.Build.0 = Release|x64
		{876B6B73-B486-377B-91BA-C2837FCFB687}.MinSizeRel|x64.ActiveCfg = MinSizeRel|x64
		{876B6B73-B486-377B-91BA-C2837FCFB687}.MinSizeRel|x64.Build.0 = MinSizeRel|x64
		{876B6B73-B486-377B-91BA-C2837FCFB687}.RelWithDebInfo|x64.ActiveCfg = RelWithDebInfo|x64
		{876B6B73-B486-377B-91BA-C2837FCFB687}.RelWithDebInfo|x64.Build.0 = RelWithDebInfo|x64
		{AEAC0F2E-A803-3CFA-9D1C-CEAB73E31F99}.Debug|x64.ActiveCfg = Debug|x64
		{AEAC0F2E-A803-3CFA-9D1C-CEAB73E31F99}.Debug|x64.Build.0 = Debug|x64
		{AEAC0F2E-A803-3CFA-9D1C-CEAB73E31F99}.Release|x64.ActiveCfg = Release|x64
		{AEAC0F2E-A803-3CFA-9D1C-CEAB73E31F99}.Release|x64.Build.0 = Release|x64
		{AEAC0F2E-A803-3CFA-9D1C-CEAB73E31F99}.MinSizeRel|x64.ActiveCfg = MinSizeRel|x64
		{AEAC0F2E-A803-3CFA-9D1C-CEAB73E31F99}.MinSizeRel|x64.Build.0 = MinSizeRel|x64
		{AEAC0F2E-A803-3CFA-9D1C-CEAB73E31F99}.RelWithDebInfo|x64.ActiveCfg = RelWithDebInfo|x64
		{AEAC0F2E-A803-3CFA-9D1C-CEAB73E31F99}.RelWithDebInfo|x64.Build.0 = RelWithDebInfo|x64
		{6DE75EF3-DB0E-3247-911C-9F3E75A6FDD6}.Debug|x64.ActiveCfg = Debug|x64
		{6DE75EF3-DB0E-3247-911C-9F3E75A6FDD6}.Debug|x64.Build.0 = Debug|x64
		{6DE75EF3-DB0E-3247-911C-9F3E75A6FDD6}.Release|x64.ActiveCfg = Release|x64
		{6DE75EF3-DB0E-3247-911C-9F3E75A6FDD6}.Release|x64.Build.0 = Release|x64
		{6DE75EF3-DB0E-3247-911C-9F3E75A6FDD6}.MinSizeRel|x64.ActiveCfg = MinSizeRel|x64
		{6DE75EF3-DB0E-3247-911C-9F3E75A6FDD6}.MinSizeRel|x64.Build.0 = MinSizeRel|x64
		{6DE75EF3-DB0E-3247-911C-9F3E75A6FDD6}.RelWithDebInfo|x64.ActiveCfg = RelWithDebInfo|x64
		{6DE75EF3-DB0E-3247-911C-9F3E75A6FDD6}.RelWithDebInfo|x64.Build.0 = RelWithDebInfo|x64
		{4AE5150A-67BC-35BE-885C-965DC116D58A}.Debug|x64.ActiveCfg = Debug|x64
		{4AE5150A-67BC-35BE-885C-965DC116D58A}.Debug|x64.Build.0 = Debug|x64
		{4AE5150A-67BC-35BE-885C-965DC116D58A}.Release|x64.ActiveCfg = Release|x64
		{4AE5150A-67BC-35BE-885C-965DC116D58A}.Release|x64.Build.0 = Release|x64
		{4AE5150A-67BC-35BE-885C-965DC116D58A}.MinSizeRel|x64.ActiveCfg = MinSizeRel|x64
		{4AE5150A-67BC-35BE-885C-965DC116D58A}.MinSizeRel|x64.Build.0 = MinSizeRel|x64
		{4AE5150A-67BC-35BE-885C-965DC116D58A}.RelWithDebInfo|x64.ActiveCfg = RelWithDebInfo|x64
		{4AE5150A-67BC-35BE-885C-965DC116D58A}.RelWithDebInfo|x64.Build.0 = RelWithDebInfo|x64
		{12317849-588F-348F-9D3C-DF3E7D6E569F}.Debug|x64.ActiveCfg = Debug|x64
		{12317849-588F-348F-9D3C-DF3E7D6E569F}.Debug|x64.Build.0 = Debug|x64
		{12317849-588F-348F-9D3C-DF3E7D6E569F}.Release|x64.ActiveCfg = Release|x64
		{12317849-588F-348F-9D3C-DF3E7D6E569F}.Release|x64.Build.0 = Release|x64
		{12317849-588F-348F-9D3C-DF3E7D6E569F}.MinSizeRel|x64.ActiveCfg = MinSizeRel|x64
		{12317849-588F-348F-9D3C-DF3E7D6E569F}.MinSizeRel|x64.Build.0 = MinSizeRel|x64
		{12317849-588F-348F-9D3C-DF3E7D6E569F}.RelWithDebInfo|x64.ActiveCfg = RelWithDebInfo|x64
		{12317849-588F-348F-9D3C-DF3E7D6E569F}.RelWithDebInfo|x64.Build.0 = RelWithDebInfo|x64
		{04AEA058-B851-3A63-AF24-C8F1321FAF93}.Debug|x64.ActiveCfg = Debug|x64
		{04AEA058-B851-3A63-AF24-C8F1321FAF93}.Debug|x64.Build.0 = Debug|x64
		{04AEA058-B851-3A63-AF24-C8F1321FAF93}.Release|x64.ActiveCfg = Release|x64
		{04AEA058-B851-3A63-AF24-C8F1321FAF93}.Release|x64.Build.0 = Release|x64
		{04AEA058-B851-3A63-AF24-C8F1321FAF93}.MinSizeRel|x64.ActiveCfg = MinSizeRel|x64
		{04AEA058-B851-3A63-AF24-C8F1321FAF93}.MinSizeRel|x64.Build.0 = MinSizeRel|x64
		{04AEA058-B851-3A63-AF24-C8F1321FAF93}.RelWithDebInfo|x64.ActiveCfg = RelWithDebInfo|x64
		{04AEA058-B851-3A63-AF24-C8F1321FAF93}.RelWithDebInfo|x64.Build.0 = RelWithDebInfo|x64
		{ADA53285-500F-3593-8BB1-66939FEF2AB6}.Debug|x64.ActiveCfg = Debug|x64
		{ADA53285-500F-3593-8BB1-66939FEF2AB6}.Debug|x64.Build.0 = Debug|x64
		{ADA53285-500F-3593-8BB1-66939FEF2AB6}.Release|x64.ActiveCfg = Release|x64
		{ADA53285-500F-3593-8BB1-66939FEF2AB6}.Release|x64.Build.0 = Release|x64
		{ADA53285-500F-3593-8BB1-66939FEF2AB6}.MinSizeRel|x64.ActiveCfg = MinSizeRel|x64
		{ADA53285-500F-3593-8BB1-66939FEF2AB6}.MinSizeRel|x64.Build.0 = MinSizeRel|x64
		{ADA53285-500F-3593-8BB1-66939FEF2AB6}.RelWithDebInfo|x64.ActiveCfg = RelWithDebInfo|x64
		{ADA53285-500F-3593-8BB1-66939FEF2AB6}.RelWithDebInfo|x64.Build.0 = RelWithDebInfo|x64
		{67801425-3A97-397A-B95F-1B6A5BB8AD9B}.Debug|x64.ActiveCfg = Debug|x64
		{67801425-3A97-397A-B95F-1B6A5BB8AD9B}.Debug|x64.Build.0 = Debug|x64
		{67801425-3A97-397A-B95F-1B6A5BB8AD9B}.Release|x64.ActiveCfg = Release|x64
		{67801425-3A97-397A-B95F-1B6A5BB8AD9B}.Release|x64.Build.0 = Release|x64
		{67801425-3A97-397A-B95F-1B6A5BB8AD9B}.MinSizeRel|x64.ActiveCfg = MinSizeRel|x64
		{67801425-3A97-397A-B95F-1B6A5BB8AD9B}.MinSizeRel|x64.Build.0 = MinSizeRel|x64
		{67801425-3A97-397A-B95F-1B6A5BB8AD9B}.RelWithDebInfo|x64.ActiveCfg = RelWithDebInfo|x64
		{67801425-3A97-397A-B95F-1B6A5BB8AD9B}.RelWithDebInfo|x64.Build.0 = RelWithDebInfo|x64
		{8BDF449F-0061-34F0-B3D4-28E86C035AE1}.Debug|x64.ActiveCfg = Debug|x64
		{8BDF449F-0061-34F0-B3D4-28E86C035AE1}.Debug|x64.Build.0 = Debug|x64
		{8BDF449F-0061-34F0-B3D4-28E86C035AE1}.Release|x64.ActiveCfg = Release|x64
		{8BDF449F-0061-34F0-B3D4-28E86C035AE1}.Release|x64.Build.0 = Release|x64
		{8BDF449F-0061-34F0-B3D4-28E86C035AE1}.MinSizeRel|x64.ActiveCfg = MinSizeRel|x64
		{8BDF449F-0061-34F0-B3D4-28E86C035AE1}.MinSizeRel|x64.Build.0 = MinSizeRel|x64
		{8BDF449F-0061-34F0-B3D4-28E86C035AE1}.RelWithDebInfo|x64.ActiveCfg = RelWithDebInfo|x64
		{8BDF449F-0061-34F0-B3D4-28E86C035AE1}.RelWithDebInfo|x64.Build.0 = RelWithDebInfo|x64
		{B816A934-93F0-3962-8541-574ACA357AA6}.Debug|x64.ActiveCfg = Debug|x64
		{B816A934-93F0-3962-8541-574ACA357AA6}.Debug|x64.Build.0 = Debug|x64
		{B816A934-93F0-3962-8541-574ACA357AA6}.Release|x64.ActiveCfg = Release|x64
		{B816A934-93F0-3962-8541-574ACA357AA6}.Release|x64.Build.0 = Release|x64
		{B816A934-93F0-3962-8541-574ACA357AA6}.MinSizeRel|x64.ActiveCfg = MinSizeRel|x64
		{B816A934-93F0-3962-8541-574ACA357AA6}.MinSizeRel|x64.Build.0 = MinSizeRel|x64
		{B816A934-93F0-3962-8541-574ACA357AA6}.RelWithDebInfo|x64.ActiveCfg = RelWithDebInfo|x64
		{B816A934-93F0-3962-8541-574ACA357AA6}.RelWithDebInfo|x64.Build.0 = RelWithDebInfo|x64
		{85DDF2BC-E56E-3251-85FD-BD440E0D0575}.Debug|x64.ActiveCfg = Debug|x64
		{85DDF2BC-E56E-3251-85FD-BD440E0D0575}.Debug|x64.Build.0 = Debug|x64
		{85DDF2BC-E56E-3251-85FD-BD440E0D0575}.Release|x64.ActiveCfg = Release|x64
		{85DDF2BC-E56E-3251-85FD-BD440E0D0575}.Release|x64.Build.0 = Release|x64
		{85DDF2BC-E56E-3251-85FD-BD440E0D0575}.MinSizeRel|x64.ActiveCfg = MinSizeRel|x64
		{85DDF2BC-E56E-3251-85FD-BD440E0D0575}.MinSizeRel|x64.Build.0 = MinSizeRel|x64
		{85DDF2BC-E56E-3251-85FD-BD440E0D0575}.RelWithDebInfo|x64.ActiveCfg = RelWithDebInfo|x64
		{85DDF2BC-E56E-3251-85FD-BD440E0D0575}.RelWithDebInfo|x64.Build.0 = RelWithDebInfo|x64
		{D1BE32D7-442C-3764-9487-69664CFC2310}.Debug|x64.ActiveCfg = Debug|x64
		{D1BE32D7-442C-3764-9487-69664CFC2310}.Debug|x64.Build.0 = Debug|x64
		{D1BE32D7-442C-3764-9487-69664CFC2310}.Release|x64.ActiveCfg = Release|x64
		{D1BE32D7-442C-3764-9487-69664CFC2310}.Release|x64.Build.0 = Release|x64
		{D1BE32D7-442C-3764-9487-69664CFC2310}.MinSizeRel|x64.ActiveCfg = MinSizeRel|x64
		{D1BE32D7-442C-3764-9487-69664CFC2310}.MinSizeRel|x64.Build.0 = MinSizeRel|x64
		{D1BE32D7-442C-3764-9487-69664CFC2310}.RelWithDebInfo|x64.ActiveCfg = RelWithDebInfo|x64
		{D1BE32D7-442C-3764-9487-69664CFC2310}.RelWithDebInfo|x64.Build.0 = RelWithDebInfo|x64
		{D4BA8FCC-1D29-3197-B89D-1A039E9C66C3}.Debug|x64.ActiveCfg = Debug|x64
		{D4BA8FCC-1D29-3197-B89D-1A039E9C66C3}.Debug|x64.Build.0 = Debug|x64
		{D4BA8FCC-1D29-3197-B89D-1A039E9C66C3}.Release|x64.ActiveCfg = Release|x64
		{D4BA8FCC-1D29-3197-B89D-1A039E9C66C3}.Release|x64.Build.0 = Release|x64
		{D4BA8FCC-1D29-3197-B89D-1A039E9C66C3}.MinSizeRel|x64.ActiveCfg = MinSizeRel|x64
		{D4BA8FCC-1D29-3197-B89D-1A039E9C66C3}.MinSizeRel|x64.Build.0 = MinSizeRel|x64
		{D4BA8FCC-1D29-3197-B89D-1A039E9C66C3}.RelWithDebInfo|x64.ActiveCfg = RelWithDebInfo|x64
		{D4BA8FCC-1D29-3197-B89D-1A039E9C66C3}.RelWithDebInfo|x64.Build.0 = RelWithDebInfo|x64
		{21553003-4E40-3876-B2F9-52DB361E1DDA}.Debug|x64.ActiveCfg = Debug|x64
		{21553003-4E40-3876-B2F9-52DB361E1DDA}.Debug|x64.Build.0 = Debug|x64
		{21553003-4E40-3876-B2F9-52DB361E1DDA}.Release|x64.ActiveCfg = Release|x64
		{21553003-4E40-3876-B2F9-52DB361E1DDA}.Release|x64.Build.0 = Release|x64
		{21553003-4E40-3876-B2F9-52DB361E1DDA}.MinSizeRel|x64.ActiveCfg = MinSizeRel|x64
		{21553003-4E40-3876-B2F9-52DB361E1DDA}.MinSizeRel|x64.Build.0 = MinSizeRel|x64
		{21553003-4E40-3876-B2F9-52DB361E1DDA}.RelWithDebInfo|x64.ActiveCfg = RelWithDebInfo|x64
		{21553003-4E40-3876-B2F9-52DB361E1DDA}.RelWithDebInfo|x64.Build.0 = RelWithDebInfo|x64
		{0604E17C-2E39-3692-8620-08F8A01AD2AD}.Debug|x64.ActiveCfg = Debug|x64
		{0604E17C-2E39-3692-8620-08F8A01AD2AD}.Debug|x64.Build.0 = Debug|x64
		{0604E17C-2E39-3692-8620-08F8A01AD2AD}.Release|x64.ActiveCfg = Release|x64
		{0604E17C-2E39-3692-8620-08F8A01AD2AD}.Release|x64.Build.0 = Release|x64
		{0604E17C-2E39-3692-8620-08F8A01AD2AD}.MinSizeRel|x64.ActiveCfg = MinSizeRel|x64
		{0604E17C-2E39-3692-8620-08F8A01AD2AD}.MinSizeRel|x64.Build.0 = MinSizeRel|x64
		{0604E17C-2E39-3692-8620-08F8A01AD2AD}.RelWithDebInfo|x64.ActiveCfg = RelWithDebInfo|x64
		{0604E17C-2E39-3692-8620-08F8A01AD2AD}.RelWithDebInfo|x64.Build.0 = RelWithDebInfo|x64
		{76EBA0A6-B35B-30F7-A3BC-6105E3E74849}.Debug|x64.ActiveCfg = Debug|x64
		{76EBA0A6-B35B-30F7-A3BC-6105E3E74849}.Debug|x64.Build.0 = Debug|x64
		{76EBA0A6-B35B-30F7-A3BC-6105E3E74849}.Release|x64.ActiveCfg = Release|x64
		{76EBA0A6-B35B-30F7-A3BC-6105E3E74849}.Release|x64.Build.0 = Release|x64
		{76EBA0A6-B35B-30F7-A3BC-6105E3E74849}.MinSizeRel|x64.ActiveCfg = MinSizeRel|x64
		{76EBA0A6-B35B-30F7-A3BC-6105E3E74849}.MinSizeRel|x64.Build.0 = MinSizeRel|x64
		{76EBA0A6-B35B-30F7-A3BC-6105E3E74849}.RelWithDebInfo|x64.ActiveCfg = RelWithDebInfo|x64
		{76EBA0A6-B35B-30F7-A3BC-6105E3E74849}.RelWithDebInfo|x64.Build.0 = RelWithDebInfo|x64
	EndGlobalSection
	GlobalSection(NestedProjects) = preSolution
		{E8FF1EBA-85CD-34BE-AE85-4F2801638F9C} = {6F6831B0-E433-33FC-9D23-712A99860441}
		{39F01287-523C-3D01-8927-C92BC815967D} = {6F6831B0-E433-33FC-9D23-712A99860441}
		{451BB594-09EB-358E-B2E0-229A1C3CD587} = {6F6831B0-E433-33FC-9D23-712A99860441}
		{F070D8A1-EDFC-3AC1-B6E3-02D97BB8861D} = {6F6831B0-E433-33FC-9D23-712A99860441}
		{7D511584-A798-333F-A623-F1346B5A8207} = {CBF71CBC-D942-32EC-8A2C-F55ED35D11D7}
		{5D4A3872-0C52-3F1D-988F-3AA95CF9987F} = {CBF71CBC-D942-32EC-8A2C-F55ED35D11D7}
		{E10EC3AB-00DD-3F38-8F90-2CD0C7911E88} = {CBF71CBC-D942-32EC-8A2C-F55ED35D11D7}
		{B9C0B3FF-17CE-34AA-BEAF-78EC7D68C5AD} = {7D511584-A798-333F-A623-F1346B5A8207}
		{9753E6A2-13DD-3B6A-A97D-1ED75E8E691A} = {5D4A3872-0C52-3F1D-988F-3AA95CF9987F}
		{0604E17C-2E39-3692-8620-08F8A01AD2AD} = {E10EC3AB-00DD-3F38-8F90-2CD0C7911E88}
	EndGlobalSection
	GlobalSection(ExtensibilityGlobals) = postSolution
		SolutionGuid = {B54EC304-BD48-3768-897B-4BE99A1C8AA2}
	EndGlobalSection
	GlobalSection(ExtensibilityAddIns) = postSolution
	EndGlobalSection
EndGlobal
