<?xml version="1.0" encoding="utf-8"?>
<Project ToolsVersion="16.0" xmlns="http://schemas.microsoft.com/developer/msbuild/2003">
  <ItemGroup>
    <ClCompile Include="D:\git\vozer\vozer_ninja\linphone-desktop\linphone-sdk\bzrtp\src\bzrtp.c">
      <Filter>Source Files</Filter>
    </ClCompile>
    <ClCompile Include="D:\git\vozer\vozer_ninja\linphone-desktop\linphone-sdk\bzrtp\src\packetParser.c">
      <Filter>Source Files</Filter>
    </ClCompile>
    <ClCompile Include="D:\git\vozer\vozer_ninja\linphone-desktop\linphone-sdk\bzrtp\src\pgpwords.c">
      <Filter>Source Files</Filter>
    </ClCompile>
    <ClCompile Include="D:\git\vozer\vozer_ninja\linphone-desktop\linphone-sdk\bzrtp\src\stateMachine.c">
      <Filter>Source Files</Filter>
    </ClCompile>
    <ClCompile Include="D:\git\vozer\vozer_ninja\linphone-desktop\linphone-sdk\bzrtp\src\zidCache.c">
      <Filter>Source Files</Filter>
    </ClCompile>
    <ClCompile Include="D:\git\vozer\vozer_ninja\linphone-desktop\linphone-sdk\bzrtp\src\cryptoUtils.cc">
      <Filter>Source Files</Filter>
    </ClCompile>
  </ItemGroup>
  <ItemGroup>
    <CustomBuild Include="D:\git\vozer\vozer_ninja\linphone-desktop\linphone-sdk\bzrtp\src\CMakeLists.txt" />
  </ItemGroup>
  <ItemGroup>
    <Filter Include="Source Files">
      <UniqueIdentifier>{D5A014FD-C7A9-31E0-8F9C-FD4CF18CF7E9}</UniqueIdentifier>
    </Filter>
  </ItemGroup>
</Project>
