<?xml version="1.0" encoding="utf-8"?>
<Project ToolsVersion="16.0" xmlns="http://schemas.microsoft.com/developer/msbuild/2003">
  <ItemGroup>
    <ClCompile Include="D:\git\vozer\vozer_ninja\linphone-desktop\linphone-sdk\mswasapi\mswasapi.cpp">
      <Filter>Source Files</Filter>
    </ClCompile>
    <ClCompile Include="D:\git\vozer\vozer_ninja\linphone-desktop\linphone-sdk\mswasapi\mswasapi_reader.cpp">
      <Filter>Source Files</Filter>
    </ClCompile>
    <ClCompile Include="D:\git\vozer\vozer_ninja\linphone-desktop\linphone-sdk\mswasapi\mswasapi_writer.cpp">
      <Filter>Source Files</Filter>
    </ClCompile>
  </ItemGroup>
  <ItemGroup>
    <ClInclude Include="D:\git\vozer\vozer_ninja\linphone-desktop\linphone-sdk\mswasapi\mswasapi.h">
      <Filter>Header Files</Filter>
    </ClInclude>
    <ClInclude Include="D:\git\vozer\vozer_ninja\linphone-desktop\linphone-sdk\mswasapi\mswasapi_reader.h">
      <Filter>Header Files</Filter>
    </ClInclude>
    <ClInclude Include="D:\git\vozer\vozer_ninja\linphone-desktop\linphone-sdk\mswasapi\mswasapi_writer.h">
      <Filter>Header Files</Filter>
    </ClInclude>
  </ItemGroup>
  <ItemGroup>
    <CustomBuild Include="D:\git\vozer\vozer_ninja\linphone-desktop\linphone-sdk\mswasapi\CMakeLists.txt" />
  </ItemGroup>
  <ItemGroup>
    <Filter Include="Header Files">
      <UniqueIdentifier>{BF7F9243-A573-322E-B7BE-7F3BE5BD358B}</UniqueIdentifier>
    </Filter>
    <Filter Include="Source Files">
      <UniqueIdentifier>{D5A014FD-C7A9-31E0-8F9C-FD4CF18CF7E9}</UniqueIdentifier>
    </Filter>
  </ItemGroup>
</Project>
